// !$*UTF8*$!
{
	archiveVersion = 1;
	classes = {
	};
	objectVersion = 46;
	objects = {

/* Begin PBXAggregateTarget section */
		487280CEFBF614793D226FF7 /* MoorerReverb - All */ = {
			isa = PBXAggregateTarget;
			buildConfigurationList = 5DAAB99E92FD64370275D648 /* Build configuration list for PBXAggregateTarget "MoorerReverb - All" */;
			buildPhases = (
			);
			dependencies = (
				2AE65F504FEFDCD2A7D71410 /* PBXTargetDependency */,
				A68D930F50967C0C2041FF91 /* PBXTargetDependency */,
			);
			name = "MoorerReverb - All";
			productName = MoorerReverb;
		};
/* End PBXAggregateTarget section */

/* Begin PBXBuildFile section */
		02BED4913B9CD21C30BCD640 /* WebKit.framework in Frameworks */ = {isa = PBXBuildFile; fileRef = 30FE698AB0027A19E37CEA9A /* WebKit.framework */; };
		0DEDB2FFFBFA084954777B33 /* include_juce_audio_utils.mm in Sources */ = {isa = PBXBuildFile; fileRef = 10F8654F21562FACFE0EE23E /* include_juce_audio_utils.mm */; };
		120A826FA1350691232CE0E9 /* include_juce_cryptography.mm in Sources */ = {isa = PBXBuildFile; fileRef = A454E12D37D1267DE0F650EE /* include_juce_cryptography.mm */; };
		151ED2942E7CEF99006CFBC1 /* include_juce_audio_processors.mm in Sources */ = {isa = PBXBuildFile; fileRef = 8E7DF77BF8EA7F2154DE4381 /* include_juce_audio_processors.mm */; };
		1DF75E355768553F29FBE240 /* include_juce_audio_devices.mm in Sources */ = {isa = PBXBuildFile; fileRef = F840973D966510257A258DD7 /* include_juce_audio_devices.mm */; };
		23F3020D98782BBC17D99625 /* Cocoa.framework in Frameworks */ = {isa = PBXBuildFile; fileRef = 1A5A7A85C74B248A821D6E55 /* Cocoa.framework */; };
		26C8054D10537C53A09F9115 /* Carbon.framework in Frameworks */ = {isa = PBXBuildFile; fileRef = E476F0F466E30D300BF6F213 /* Carbon.framework */; };
		289C3B3F31E0FA36D8B35E46 /* Accelerate.framework in Frameworks */ = {isa = PBXBuildFile; fileRef = D1F14A40AD95D041F6D1CB81 /* Accelerate.framework */; };
		31F4629DDEAC5CBB76CEF491 /* PluginEditor.cpp in Sources */ = {isa = PBXBuildFile; fileRef = 6153735CAB916FD6A30B96EA /* PluginEditor.cpp */; };
		35461CD209CC73A8ACF8627D /* include_juce_gui_extra.mm in Sources */ = {isa = PBXBuildFile; fileRef = DFD3EA7986111D75161C1D78 /* include_juce_gui_extra.mm */; };
		3CFE5CB6B6F294E571570CDF /* AudioToolbox.framework in Frameworks */ = {isa = PBXBuildFile; fileRef = E7FFF906E20E7DA7AF09D02F /* AudioToolbox.framework */; };
		473C8892E3BE231577A00876 /* include_juce_core.mm in Sources */ = {isa = PBXBuildFile; fileRef = B4837BA54328181AA5E4267E /* include_juce_core.mm */; };
		598932DFE270ABD5BACAA5DD /* include_juce_audio_plugin_client_VST_utils.mm in Sources */ = {isa = PBXBuildFile; fileRef = D314C6EFFA59FC05434C4CB8 /* include_juce_audio_plugin_client_VST_utils.mm */; };
		5EC8C35EF2737FE726CE07B0 /* include_juce_audio_formats.mm in Sources */ = {isa = PBXBuildFile; fileRef = 64718609E73539C1CA11D50E /* include_juce_audio_formats.mm */; };
		6DE56AA38EDC82B804939EDB /* include_juce_audio_plugin_client_utils.cpp in Sources */ = {isa = PBXBuildFile; fileRef = 8582435A5E46B8994EED4821 /* include_juce_audio_plugin_client_utils.cpp */; };
		7063052F291D52CFD0938B20 /* OpenGL.framework in Frameworks */ = {isa = PBXBuildFile; fileRef = 72DE9F36BE2481E1D2CE8608 /* OpenGL.framework */; };
		70EC14002D8E407D91AF4F25 /* include_juce_data_structures.mm in Sources */ = {isa = PBXBuildFile; fileRef = 55A6E5D6557E75BE95C7F549 /* include_juce_data_structures.mm */; };
		7175BE872EA28A634880CDD4 /* include_juce_audio_plugin_client_AU_1.mm in Sources */ = {isa = PBXBuildFile; fileRef = 928F2F320DC9D5C9E35D279E /* include_juce_audio_plugin_client_AU_1.mm */; };
		743539FFF18EE1BB50C038F8 /* QuartzCore.framework in Frameworks */ = {isa = PBXBuildFile; fileRef = 739BB94B106DD034DA286D8B /* QuartzCore.framework */; };
		7E22FBFD0AA6B91065B874E8 /* PluginProcessor.cpp in Sources */ = {isa = PBXBuildFile; fileRef = 889BE417A1FE3B8B2004BBE8 /* PluginProcessor.cpp */; };
		861A976F6EA07CC9737CDE5E /* CoreMIDI.framework in Frameworks */ = {isa = PBXBuildFile; fileRef = 9D0BE11842ECB65FB00AB289 /* CoreMIDI.framework */; };
		872521B9CC476E15DECB95BE /* include_juce_audio_plugin_client_AU.r in Rez */ = {isa = PBXBuildFile; fileRef = E437A5A16CDC764CACC69A4B /* include_juce_audio_plugin_client_AU.r */; };
		936498376D50B1F13983A697 /* CoreAudio.framework in Frameworks */ = {isa = PBXBuildFile; fileRef = A903A856B948789F1B53679A /* CoreAudio.framework */; };
		A33E5CF079848696984B558F /* DiscRecording.framework in Frameworks */ = {isa = PBXBuildFile; fileRef = 66484F4B7AD4B17713B3044B /* DiscRecording.framework */; };
		B047AD5B69075255A0E83D00 /* include_juce_audio_basics.mm in Sources */ = {isa = PBXBuildFile; fileRef = 2B6C4BB96F87D46EAAFC4DB1 /* include_juce_audio_basics.mm */; };
		B3CFB49F353F878536E781A2 /* include_juce_gui_basics.mm in Sources */ = {isa = PBXBuildFile; fileRef = 46D4272425EC070DA4B021D7 /* include_juce_gui_basics.mm */; };
		C5BE6001C52CC24B8ECFD9C4 /* IOKit.framework in Frameworks */ = {isa = PBXBuildFile; fileRef = 93E475D6A9C985F31C797F69 /* IOKit.framework */; };
		C7226B16B74364C2969836E3 /* RecentFilesMenuTemplate.nib in Resources */ = {isa = PBXBuildFile; fileRef = 05A3E036CA3AEBB462444C91 /* RecentFilesMenuTemplate.nib */; };
		C7D488191A1F6DCBA606699B /* include_juce_graphics.mm in Sources */ = {isa = PBXBuildFile; fileRef = 580BE5E452E344FB6B214163 /* include_juce_graphics.mm */; };
		C8AFA23FD4AE187433D60F32 /* AudioUnit.framework in Frameworks */ = {isa = PBXBuildFile; fileRef = 7E26C83C5D8E525E45747B0A /* AudioUnit.framework */; };
		D4AF817E96EBFE0F101CA2DE /* include_juce_audio_plugin_client_AU_2.mm in Sources */ = {isa = PBXBuildFile; fileRef = 6996405759B2642B9FB0707D /* include_juce_audio_plugin_client_AU_2.mm */; };
		DEC98D04C7D77C8EA50089AD /* include_juce_opengl.mm in Sources */ = {isa = PBXBuildFile; fileRef = 53E258EDB27CF4ABE8522091 /* include_juce_opengl.mm */; };
		E77446708FEA00671265229C /* CoreAudioKit.framework in Frameworks */ = {isa = PBXBuildFile; fileRef = 7302A1AF45E26ACEB0D9FC3D /* CoreAudioKit.framework */; };
		F829658DEE0FB22E86442D30 /* include_juce_events.mm in Sources */ = {isa = PBXBuildFile; fileRef = E20CCCFD063246BC2C7DF59E /* include_juce_events.mm */; };
/* End PBXBuildFile section */

/* Begin PBXContainerItemProxy section */
		3EF9EBF62256856B0047AC2A /* PBXContainerItemProxy */ = {
			isa = PBXContainerItemProxy;
			containerPortal = 23925505D2DE213E103CB4F8 /* Project object */;
			proxyType = 1;
			remoteGlobalIDString = 4A85E84474147E0C54B52586;
			remoteInfo = "MoorerReverb - Shared Code";
		};
		3EF9EBF72256856B0047AC2A /* PBXContainerItemProxy */ = {
			isa = PBXContainerItemProxy;
			containerPortal = 23925505D2DE213E103CB4F8 /* Project object */;
			proxyType = 1;
			remoteGlobalIDString = D1CA356FFB52453101F35A45;
			remoteInfo = "MoorerReverb - AU";
		};
		3EF9EC0F225685CF0047AC2A /* PBXContainerItemProxy */ = {
			isa = PBXContainerItemProxy;
			containerPortal = 3EF9EC0B225685CE0047AC2A /* EarlyReflections.xcodeproj */;
			proxyType = 2;
			remoteGlobalIDString = 3EF9EC01225685CE0047AC2A;
			remoteInfo = EarlyReflections;
		};
/* End PBXContainerItemProxy section */

/* Begin PBXFileReference section */
		0207197A0E674492F0C109D0 /* libMoorerReverb.a */ = {isa = PBXFileReference; explicitFileType = archive.ar; includeInIndex = 0; path = libMoorerReverb.a; sourceTree = BUILT_PRODUCTS_DIR; };
		0354535D064D64514242265B /* juce_gui_basics */ = {isa = PBXFileReference; lastKnownFileType = folder; name = juce_gui_basics; path = /Applications/JUCE/modules/juce_gui_basics; sourceTree = "<absolute>"; };
		05A3E036CA3AEBB462444C91 /* RecentFilesMenuTemplate.nib */ = {isa = PBXFileReference; lastKnownFileType = file.nib; path = RecentFilesMenuTemplate.nib; sourceTree = SOURCE_ROOT; };
		0CBB943CA5D48F1FA22928F1 /* juce_audio_devices */ = {isa = PBXFileReference; lastKnownFileType = folder; name = juce_audio_devices; path = /Applications/JUCE/modules/juce_audio_devices; sourceTree = "<absolute>"; };
		10F8654F21562FACFE0EE23E /* include_juce_audio_utils.mm */ = {isa = PBXFileReference; lastKnownFileType = sourcecode.cpp.objcpp; name = include_juce_audio_utils.mm; path = ../../JuceLibraryCode/include_juce_audio_utils.mm; sourceTree = SOURCE_ROOT; };
		169C18A3A9987C4B4CEF3F92 /* PluginProcessor.h */ = {isa = PBXFileReference; lastKnownFileType = sourcecode.c.h; name = PluginProcessor.h; path = ../../Source/PluginProcessor.h; sourceTree = SOURCE_ROOT; };
		1A5A7A85C74B248A821D6E55 /* Cocoa.framework */ = {isa = PBXFileReference; lastKnownFileType = wrapper.framework; name = Cocoa.framework; path = System/Library/Frameworks/Cocoa.framework; sourceTree = SDKROOT; };
		1DA5C6BCCA8D32A93293E25C /* MoorerReverb.entitlements */ = {isa = PBXFileReference; lastKnownFileType = text.plist.xml; path = MoorerReverb.entitlements; sourceTree = SOURCE_ROOT; };
		1EC6F4B005B7B33FC87CE3C9 /* juce_audio_plugin_client */ = {isa = PBXFileReference; lastKnownFileType = folder; name = juce_audio_plugin_client; path = /Applications/JUCE/modules/juce_audio_plugin_client; sourceTree = "<absolute>"; };
		21B4795C3A203DA8FEB23DC6 /* MoorerReverb.component */ = {isa = PBXFileReference; explicitFileType = wrapper.cfbundle; includeInIndex = 0; path = MoorerReverb.component; sourceTree = BUILT_PRODUCTS_DIR; };
		23559CC6ADE75A070B67A70E /* juce_audio_basics */ = {isa = PBXFileReference; lastKnownFileType = folder; name = juce_audio_basics; path = /Applications/JUCE/modules/juce_audio_basics; sourceTree = "<absolute>"; };
		2B6C4BB96F87D46EAAFC4DB1 /* include_juce_audio_basics.mm */ = {isa = PBXFileReference; lastKnownFileType = sourcecode.cpp.objcpp; name = include_juce_audio_basics.mm; path = ../../JuceLibraryCode/include_juce_audio_basics.mm; sourceTree = SOURCE_ROOT; };
		30FE698AB0027A19E37CEA9A /* WebKit.framework */ = {isa = PBXFileReference; lastKnownFileType = wrapper.framework; name = WebKit.framework; path = System/Library/Frameworks/WebKit.framework; sourceTree = SDKROOT; };
		3CC8238AB5DC060AE11FB3A1 /* juce_events */ = {isa = PBXFileReference; lastKnownFileType = folder; name = juce_events; path = /Applications/JUCE/modules/juce_events; sourceTree = "<absolute>"; };
		3EF9EC0B225685CE0047AC2A /* EarlyReflections.xcodeproj */ = {isa = PBXFileReference; lastKnownFileType = "wrapper.pb-project"; name = EarlyReflections.xcodeproj; path = ../../Source/EarlyReflections/EarlyReflections.xcodeproj; sourceTree = "<group>"; };
		4572ED4CC1FE82E98B448E52 /* juce_core */ = {isa = PBXFileReference; lastKnownFileType = folder; name = juce_core; path = /Applications/JUCE/modules/juce_core; sourceTree = "<absolute>"; };
		46D4272425EC070DA4B021D7 /* include_juce_gui_basics.mm */ = {isa = PBXFileReference; lastKnownFileType = sourcecode.cpp.objcpp; name = include_juce_gui_basics.mm; path = ../../JuceLibraryCode/include_juce_gui_basics.mm; sourceTree = SOURCE_ROOT; };
		53E258EDB27CF4ABE8522091 /* include_juce_opengl.mm */ = {isa = PBXFileReference; lastKnownFileType = sourcecode.cpp.objcpp; name = include_juce_opengl.mm; path = ../../JuceLibraryCode/include_juce_opengl.mm; sourceTree = SOURCE_ROOT; };
		55A6E5D6557E75BE95C7F549 /* include_juce_data_structures.mm */ = {isa = PBXFileReference; lastKnownFileType = sourcecode.cpp.objcpp; name = include_juce_data_structures.mm; path = ../../JuceLibraryCode/include_juce_data_structures.mm; sourceTree = SOURCE_ROOT; };
		580BE5E452E344FB6B214163 /* include_juce_graphics.mm */ = {isa = PBXFileReference; lastKnownFileType = sourcecode.cpp.objcpp; name = include_juce_graphics.mm; path = ../../JuceLibraryCode/include_juce_graphics.mm; sourceTree = SOURCE_ROOT; };
		6153735CAB916FD6A30B96EA /* PluginEditor.cpp */ = {isa = PBXFileReference; lastKnownFileType = sourcecode.cpp.cpp; name = PluginEditor.cpp; path = ../../Source/PluginEditor.cpp; sourceTree = SOURCE_ROOT; };
		64718609E73539C1CA11D50E /* include_juce_audio_formats.mm */ = {isa = PBXFileReference; lastKnownFileType = sourcecode.cpp.objcpp; name = include_juce_audio_formats.mm; path = ../../JuceLibraryCode/include_juce_audio_formats.mm; sourceTree = SOURCE_ROOT; };
		66484F4B7AD4B17713B3044B /* DiscRecording.framework */ = {isa = PBXFileReference; lastKnownFileType = wrapper.framework; name = DiscRecording.framework; path = System/Library/Frameworks/DiscRecording.framework; sourceTree = SDKROOT; };
		6996405759B2642B9FB0707D /* include_juce_audio_plugin_client_AU_2.mm */ = {isa = PBXFileReference; lastKnownFileType = sourcecode.cpp.objcpp; name = include_juce_audio_plugin_client_AU_2.mm; path = ../../JuceLibraryCode/include_juce_audio_plugin_client_AU_2.mm; sourceTree = SOURCE_ROOT; };
		72DE9F36BE2481E1D2CE8608 /* OpenGL.framework */ = {isa = PBXFileReference; lastKnownFileType = wrapper.framework; name = OpenGL.framework; path = System/Library/Frameworks/OpenGL.framework; sourceTree = SDKROOT; };
		7302A1AF45E26ACEB0D9FC3D /* CoreAudioKit.framework */ = {isa = PBXFileReference; lastKnownFileType = wrapper.framework; name = CoreAudioKit.framework; path = System/Library/Frameworks/CoreAudioKit.framework; sourceTree = SDKROOT; };
		739BB94B106DD034DA286D8B /* QuartzCore.framework */ = {isa = PBXFileReference; lastKnownFileType = wrapper.framework; name = QuartzCore.framework; path = System/Library/Frameworks/QuartzCore.framework; sourceTree = SDKROOT; };
		7D33F6E1EB5AD1E9E312E847 /* juce_cryptography */ = {isa = PBXFileReference; lastKnownFileType = folder; name = juce_cryptography; path = /Applications/JUCE/modules/juce_cryptography; sourceTree = "<absolute>"; };
		7D5DCD8C044F056BD8C347CB /* Info-AU.plist */ = {isa = PBXFileReference; lastKnownFileType = text.plist.xml; path = "Info-AU.plist"; sourceTree = SOURCE_ROOT; };
		7E26C83C5D8E525E45747B0A /* AudioUnit.framework */ = {isa = PBXFileReference; lastKnownFileType = wrapper.framework; name = AudioUnit.framework; path = System/Library/Frameworks/AudioUnit.framework; sourceTree = SDKROOT; };
		8582435A5E46B8994EED4821 /* include_juce_audio_plugin_client_utils.cpp */ = {isa = PBXFileReference; lastKnownFileType = sourcecode.cpp.cpp; name = include_juce_audio_plugin_client_utils.cpp; path = ../../JuceLibraryCode/include_juce_audio_plugin_client_utils.cpp; sourceTree = SOURCE_ROOT; };
		889BE417A1FE3B8B2004BBE8 /* PluginProcessor.cpp */ = {isa = PBXFileReference; lastKnownFileType = sourcecode.cpp.cpp; name = PluginProcessor.cpp; path = ../../Source/PluginProcessor.cpp; sourceTree = SOURCE_ROOT; };
		8E7DF77BF8EA7F2154DE4381 /* include_juce_audio_processors.mm */ = {isa = PBXFileReference; lastKnownFileType = sourcecode.cpp.objcpp; name = include_juce_audio_processors.mm; path = ../../JuceLibraryCode/include_juce_audio_processors.mm; sourceTree = SOURCE_ROOT; };
		928F2F320DC9D5C9E35D279E /* include_juce_audio_plugin_client_AU_1.mm */ = {isa = PBXFileReference; lastKnownFileType = sourcecode.cpp.objcpp; name = include_juce_audio_plugin_client_AU_1.mm; path = ../../JuceLibraryCode/include_juce_audio_plugin_client_AU_1.mm; sourceTree = SOURCE_ROOT; };
		93E475D6A9C985F31C797F69 /* IOKit.framework */ = {isa = PBXFileReference; lastKnownFileType = wrapper.framework; name = IOKit.framework; path = System/Library/Frameworks/IOKit.framework; sourceTree = SDKROOT; };
		96BCF4AE7586206ECF823EE9 /* juce_data_structures */ = {isa = PBXFileReference; lastKnownFileType = folder; name = juce_data_structures; path = /Applications/JUCE/modules/juce_data_structures; sourceTree = "<absolute>"; };
		9D0BE11842ECB65FB00AB289 /* CoreMIDI.framework */ = {isa = PBXFileReference; lastKnownFileType = wrapper.framework; name = CoreMIDI.framework; path = System/Library/Frameworks/CoreMIDI.framework; sourceTree = SDKROOT; };
		A454E12D37D1267DE0F650EE /* include_juce_cryptography.mm */ = {isa = PBXFileReference; lastKnownFileType = sourcecode.cpp.objcpp; name = include_juce_cryptography.mm; path = ../../JuceLibraryCode/include_juce_cryptography.mm; sourceTree = SOURCE_ROOT; };
		A903A856B948789F1B53679A /* CoreAudio.framework */ = {isa = PBXFileReference; lastKnownFileType = wrapper.framework; name = CoreAudio.framework; path = System/Library/Frameworks/CoreAudio.framework; sourceTree = SDKROOT; };
		ABD67D26073B40967BB8B9EB /* juce_graphics */ = {isa = PBXFileReference; lastKnownFileType = folder; name = juce_graphics; path = /Applications/JUCE/modules/juce_graphics; sourceTree = "<absolute>"; };
		B4837BA54328181AA5E4267E /* include_juce_core.mm */ = {isa = PBXFileReference; lastKnownFileType = sourcecode.cpp.objcpp; name = include_juce_core.mm; path = ../../JuceLibraryCode/include_juce_core.mm; sourceTree = SOURCE_ROOT; };
		BA754947C09A9D66BD00A311 /* PluginEditor.h */ = {isa = PBXFileReference; lastKnownFileType = sourcecode.c.h; name = PluginEditor.h; path = ../../Source/PluginEditor.h; sourceTree = SOURCE_ROOT; };
		BD8CEA4DF04840148378B734 /* juce_gui_extra */ = {isa = PBXFileReference; lastKnownFileType = folder; name = juce_gui_extra; path = /Applications/JUCE/modules/juce_gui_extra; sourceTree = "<absolute>"; };
		BF9E87C647248A4D7D4ADB70 /* juce_audio_utils */ = {isa = PBXFileReference; lastKnownFileType = folder; name = juce_audio_utils; path = /Applications/JUCE/modules/juce_audio_utils; sourceTree = "<absolute>"; };
		C41DA602C27C93D725334002 /* juce_audio_processors */ = {isa = PBXFileReference; lastKnownFileType = folder; name = juce_audio_processors; path = /Applications/JUCE/modules/juce_audio_processors; sourceTree = "<absolute>"; };
		D1476E2BC72A3904118A75F4 /* juce_opengl */ = {isa = PBXFileReference; lastKnownFileType = folder; name = juce_opengl; path = /Applications/JUCE/modules/juce_opengl; sourceTree = "<absolute>"; };
		D1F14A40AD95D041F6D1CB81 /* Accelerate.framework */ = {isa = PBXFileReference; lastKnownFileType = wrapper.framework; name = Accelerate.framework; path = System/Library/Frameworks/Accelerate.framework; sourceTree = SDKROOT; };
		D314C6EFFA59FC05434C4CB8 /* include_juce_audio_plugin_client_VST_utils.mm */ = {isa = PBXFileReference; lastKnownFileType = sourcecode.cpp.objcpp; name = include_juce_audio_plugin_client_VST_utils.mm; path = ../../JuceLibraryCode/include_juce_audio_plugin_client_VST_utils.mm; sourceTree = SOURCE_ROOT; };
		D39DCA5EB090594BFBC82628 /* juce_audio_formats */ = {isa = PBXFileReference; lastKnownFileType = folder; name = juce_audio_formats; path = /Applications/JUCE/modules/juce_audio_formats; sourceTree = "<absolute>"; };
		DFD3EA7986111D75161C1D78 /* include_juce_gui_extra.mm */ = {isa = PBXFileReference; lastKnownFileType = sourcecode.cpp.objcpp; name = include_juce_gui_extra.mm; path = ../../JuceLibraryCode/include_juce_gui_extra.mm; sourceTree = SOURCE_ROOT; };
		E20CCCFD063246BC2C7DF59E /* include_juce_events.mm */ = {isa = PBXFileReference; lastKnownFileType = sourcecode.cpp.objcpp; name = include_juce_events.mm; path = ../../JuceLibraryCode/include_juce_events.mm; sourceTree = SOURCE_ROOT; };
		E437A5A16CDC764CACC69A4B /* include_juce_audio_plugin_client_AU.r */ = {isa = PBXFileReference; lastKnownFileType = file.r; name = include_juce_audio_plugin_client_AU.r; path = ../../JuceLibraryCode/include_juce_audio_plugin_client_AU.r; sourceTree = SOURCE_ROOT; };
		E476F0F466E30D300BF6F213 /* Carbon.framework */ = {isa = PBXFileReference; lastKnownFileType = wrapper.framework; name = Carbon.framework; path = System/Library/Frameworks/Carbon.framework; sourceTree = SDKROOT; };
		E5A2D0D434E01226F868159D /* JuceHeader.h */ = {isa = PBXFileReference; lastKnownFileType = sourcecode.c.h; name = JuceHeader.h; path = ../../JuceLibraryCode/JuceHeader.h; sourceTree = SOURCE_ROOT; };
		E7FFF906E20E7DA7AF09D02F /* AudioToolbox.framework */ = {isa = PBXFileReference; lastKnownFileType = wrapper.framework; name = AudioToolbox.framework; path = System/Library/Frameworks/AudioToolbox.framework; sourceTree = SDKROOT; };
		F27B36A85D9C2FAAE937D2D0 /* AppConfig.h */ = {isa = PBXFileReference; lastKnownFileType = sourcecode.c.h; name = AppConfig.h; path = ../../JuceLibraryCode/AppConfig.h; sourceTree = SOURCE_ROOT; };
		F840973D966510257A258DD7 /* include_juce_audio_devices.mm */ = {isa = PBXFileReference; lastKnownFileType = sourcecode.cpp.objcpp; name = include_juce_audio_devices.mm; path = ../../JuceLibraryCode/include_juce_audio_devices.mm; sourceTree = SOURCE_ROOT; };
/* End PBXFileReference section */

/* Begin PBXFrameworksBuildPhase section */
		1E89B87F32CBD15150454049 /* Frameworks */ = {
			isa = PBXFrameworksBuildPhase;
			buildActionMask = 2147483647;
			files = (
				289C3B3F31E0FA36D8B35E46 /* Accelerate.framework in Frameworks */,
				3CFE5CB6B6F294E571570CDF /* AudioToolbox.framework in Frameworks */,
				C8AFA23FD4AE187433D60F32 /* AudioUnit.framework in Frameworks */,
				26C8054D10537C53A09F9115 /* Carbon.framework in Frameworks */,
				23F3020D98782BBC17D99625 /* Cocoa.framework in Frameworks */,
				936498376D50B1F13983A697 /* CoreAudio.framework in Frameworks */,
				E77446708FEA00671265229C /* CoreAudioKit.framework in Frameworks */,
				861A976F6EA07CC9737CDE5E /* CoreMIDI.framework in Frameworks */,
				A33E5CF079848696984B558F /* DiscRecording.framework in Frameworks */,
				C5BE6001C52CC24B8ECFD9C4 /* IOKit.framework in Frameworks */,
				7063052F291D52CFD0938B20 /* OpenGL.framework in Frameworks */,
				743539FFF18EE1BB50C038F8 /* QuartzCore.framework in Frameworks */,
				02BED4913B9CD21C30BCD640 /* WebKit.framework in Frameworks */,
			);
			runOnlyForDeploymentPostprocessing = 0;
		};
/* End PBXFrameworksBuildPhase section */

/* Begin PBXGroup section */
		1E4CABD55056B97054AF645B /* Source */ = {
			isa = PBXGroup;
			children = (
				3EF9EC0B225685CE0047AC2A /* EarlyReflections.xcodeproj */,
				1DA5C6BCCA8D32A93293E25C /* MoorerReverb.entitlements */,
				7F7CEDF5ACB44DE8C2C08618 /* MoorerReverb */,
				9F6B9441012E1075AE0225F9 /* JUCE Modules */,
				44DEFCD0B624CC6E20D24818 /* JUCE Library Code */,
				F28A3257ECC7569A82E5E5BC /* Resources */,
				2F948B55DB4DE8E2C765A867 /* Frameworks */,
				9487739892C613D40379BA28 /* Products */,
			);
			name = Source;
			sourceTree = "<group>";
		};
		2F948B55DB4DE8E2C765A867 /* Frameworks */ = {
			isa = PBXGroup;
			children = (
				D1F14A40AD95D041F6D1CB81 /* Accelerate.framework */,
				E7FFF906E20E7DA7AF09D02F /* AudioToolbox.framework */,
				7E26C83C5D8E525E45747B0A /* AudioUnit.framework */,
				E476F0F466E30D300BF6F213 /* Carbon.framework */,
				1A5A7A85C74B248A821D6E55 /* Cocoa.framework */,
				A903A856B948789F1B53679A /* CoreAudio.framework */,
				7302A1AF45E26ACEB0D9FC3D /* CoreAudioKit.framework */,
				9D0BE11842ECB65FB00AB289 /* CoreMIDI.framework */,
				66484F4B7AD4B17713B3044B /* DiscRecording.framework */,
				93E475D6A9C985F31C797F69 /* IOKit.framework */,
				72DE9F36BE2481E1D2CE8608 /* OpenGL.framework */,
				739BB94B106DD034DA286D8B /* QuartzCore.framework */,
				30FE698AB0027A19E37CEA9A /* WebKit.framework */,
			);
			name = Frameworks;
			sourceTree = "<group>";
		};
		3EF9EC0C225685CE0047AC2A /* Products */ = {
			isa = PBXGroup;
			children = (
				3EF9EC10225685CF0047AC2A /* EarlyReflections */,
			);
			name = Products;
			sourceTree = "<group>";
		};
		44DEFCD0B624CC6E20D24818 /* JUCE Library Code */ = {
			isa = PBXGroup;
			children = (
				F27B36A85D9C2FAAE937D2D0 /* AppConfig.h */,
				2B6C4BB96F87D46EAAFC4DB1 /* include_juce_audio_basics.mm */,
				F840973D966510257A258DD7 /* include_juce_audio_devices.mm */,
				64718609E73539C1CA11D50E /* include_juce_audio_formats.mm */,
				E437A5A16CDC764CACC69A4B /* include_juce_audio_plugin_client_AU.r */,
				928F2F320DC9D5C9E35D279E /* include_juce_audio_plugin_client_AU_1.mm */,
				6996405759B2642B9FB0707D /* include_juce_audio_plugin_client_AU_2.mm */,
				8582435A5E46B8994EED4821 /* include_juce_audio_plugin_client_utils.cpp */,
				D314C6EFFA59FC05434C4CB8 /* include_juce_audio_plugin_client_VST_utils.mm */,
				8E7DF77BF8EA7F2154DE4381 /* include_juce_audio_processors.mm */,
				10F8654F21562FACFE0EE23E /* include_juce_audio_utils.mm */,
				B4837BA54328181AA5E4267E /* include_juce_core.mm */,
				A454E12D37D1267DE0F650EE /* include_juce_cryptography.mm */,
				55A6E5D6557E75BE95C7F549 /* include_juce_data_structures.mm */,
				E20CCCFD063246BC2C7DF59E /* include_juce_events.mm */,
				580BE5E452E344FB6B214163 /* include_juce_graphics.mm */,
				46D4272425EC070DA4B021D7 /* include_juce_gui_basics.mm */,
				DFD3EA7986111D75161C1D78 /* include_juce_gui_extra.mm */,
				53E258EDB27CF4ABE8522091 /* include_juce_opengl.mm */,
				E5A2D0D434E01226F868159D /* JuceHeader.h */,
			);
			name = "JUCE Library Code";
			sourceTree = "<group>";
		};
		7F7CEDF5ACB44DE8C2C08618 /* MoorerReverb */ = {
			isa = PBXGroup;
			children = (
				F757F86A2C6CDCA657F799BF /* Source */,
			);
			name = MoorerReverb;
			sourceTree = "<group>";
		};
		9487739892C613D40379BA28 /* Products */ = {
			isa = PBXGroup;
			children = (
				21B4795C3A203DA8FEB23DC6 /* MoorerReverb.component */,
				0207197A0E674492F0C109D0 /* libMoorerReverb.a */,
			);
			name = Products;
			sourceTree = "<group>";
		};
		9F6B9441012E1075AE0225F9 /* JUCE Modules */ = {
			isa = PBXGroup;
			children = (
				23559CC6ADE75A070B67A70E /* juce_audio_basics */,
				0CBB943CA5D48F1FA22928F1 /* juce_audio_devices */,
				D39DCA5EB090594BFBC82628 /* juce_audio_formats */,
				1EC6F4B005B7B33FC87CE3C9 /* juce_audio_plugin_client */,
				C41DA602C27C93D725334002 /* juce_audio_processors */,
				BF9E87C647248A4D7D4ADB70 /* juce_audio_utils */,
				4572ED4CC1FE82E98B448E52 /* juce_core */,
				7D33F6E1EB5AD1E9E312E847 /* juce_cryptography */,
				96BCF4AE7586206ECF823EE9 /* juce_data_structures */,
				3CC8238AB5DC060AE11FB3A1 /* juce_events */,
				ABD67D26073B40967BB8B9EB /* juce_graphics */,
				0354535D064D64514242265B /* juce_gui_basics */,
				BD8CEA4DF04840148378B734 /* juce_gui_extra */,
				D1476E2BC72A3904118A75F4 /* juce_opengl */,
			);
			name = "JUCE Modules";
			sourceTree = "<group>";
		};
		F28A3257ECC7569A82E5E5BC /* Resources */ = {
			isa = PBXGroup;
			children = (
				7D5DCD8C044F056BD8C347CB /* Info-AU.plist */,
				05A3E036CA3AEBB462444C91 /* RecentFilesMenuTemplate.nib */,
			);
			name = Resources;
			sourceTree = "<group>";
		};
		F757F86A2C6CDCA657F799BF /* Source */ = {
			isa = PBXGroup;
			children = (
				889BE417A1FE3B8B2004BBE8 /* PluginProcessor.cpp */,
				169C18A3A9987C4B4CEF3F92 /* PluginProcessor.h */,
				6153735CAB916FD6A30B96EA /* PluginEditor.cpp */,
				BA754947C09A9D66BD00A311 /* PluginEditor.h */,
			);
			name = Source;
			sourceTree = "<group>";
		};
/* End PBXGroup section */

/* Begin PBXNativeTarget section */
		4A85E84474147E0C54B52586 /* MoorerReverb - Shared Code */ = {
			isa = PBXNativeTarget;
			buildConfigurationList = F629E14CD999CFC212E496A4 /* Build configuration list for PBXNativeTarget "MoorerReverb - Shared Code" */;
			buildPhases = (
				E2A966EB54AC61C226ACCA5D /* Sources */,
			);
			buildRules = (
			);
			dependencies = (
			);
			name = "MoorerReverb - Shared Code";
			productName = MoorerReverb;
			productReference = 0207197A0E674492F0C109D0 /* libMoorerReverb.a */;
			productType = "com.apple.product-type.library.static";
		};
		D1CA356FFB52453101F35A45 /* MoorerReverb - AU */ = {
			isa = PBXNativeTarget;
			buildConfigurationList = BA3E8C97113F2B0B9BCEB1E4 /* Build configuration list for PBXNativeTarget "MoorerReverb - AU" */;
			buildPhases = (
				686E2F5A4EE4D59DF5A75123 /* Resources */,
				67A269A4FD7F28934CEA5D2E /* Rez */,
				3B0240E0A986A79B1A2172B9 /* Sources */,
				1E89B87F32CBD15150454049 /* Frameworks */,
			);
			buildRules = (
			);
			dependencies = (
				A68D930F50967C0C2041FF91 /* PBXTargetDependency */,
			);
			name = "MoorerReverb - AU";
			productName = MoorerReverb;
			productReference = 21B4795C3A203DA8FEB23DC6 /* MoorerReverb.component */;
			productType = "com.apple.product-type.bundle";
		};
/* End PBXNativeTarget section */

/* Begin PBXProject section */
		23925505D2DE213E103CB4F8 /* Project object */ = {
			isa = PBXProject;
			attributes = {
				LastUpgradeCheck = 0930;
				ORGANIZATIONNAME = "";
				TargetAttributes = {
					487280CEFBF614793D226FF7 = {
						SystemCapabilities = {
							com.apple.ApplicationGroups.iOS = {
								enabled = 0;
							};
							com.apple.HardenedRuntime = {
								enabled = 0;
							};
							com.apple.InAppPurchase = {
								enabled = 0;
							};
							com.apple.InterAppAudio = {
								enabled = 0;
							};
							com.apple.Push = {
								enabled = 0;
							};
							com.apple.Sandbox = {
								enabled = 0;
							};
						};
					};
					4A85E84474147E0C54B52586 = {
						SystemCapabilities = {
							com.apple.ApplicationGroups.iOS = {
								enabled = 0;
							};
							com.apple.HardenedRuntime = {
								enabled = 0;
							};
							com.apple.InAppPurchase = {
								enabled = 0;
							};
							com.apple.InterAppAudio = {
								enabled = 0;
							};
							com.apple.Push = {
								enabled = 0;
							};
							com.apple.Sandbox = {
								enabled = 0;
							};
						};
					};
					D1CA356FFB52453101F35A45 = {
						SystemCapabilities = {
							com.apple.ApplicationGroups.iOS = {
								enabled = 0;
							};
							com.apple.HardenedRuntime = {
								enabled = 0;
							};
							com.apple.InAppPurchase = {
								enabled = 0;
							};
							com.apple.InterAppAudio = {
								enabled = 0;
							};
							com.apple.Push = {
								enabled = 0;
							};
							com.apple.Sandbox = {
								enabled = 0;
							};
						};
					};
				};
			};
			buildConfigurationList = 2A252A6319C9416410D01611 /* Build configuration list for PBXProject "MoorerReverb" */;
			compatibilityVersion = "Xcode 3.2";
			developmentRegion = en;
			hasScannedForEncodings = 0;
			knownRegions = (
				en,
				Base,
			);
			mainGroup = 1E4CABD55056B97054AF645B /* Source */;
			projectDirPath = "";
			projectReferences = (
				{
					ProductGroup = 3EF9EC0C225685CE0047AC2A /* Products */;
					ProjectRef = 3EF9EC0B225685CE0047AC2A /* EarlyReflections.xcodeproj */;
				},
			);
			projectRoot = "";
			targets = (
				487280CEFBF614793D226FF7 /* MoorerReverb - All */,
				D1CA356FFB52453101F35A45 /* MoorerReverb - AU */,
				4A85E84474147E0C54B52586 /* MoorerReverb - Shared Code */,
			);
		};
/* End PBXProject section */

/* Begin PBXReferenceProxy section */
		3EF9EC10225685CF0047AC2A /* EarlyReflections */ = {
			isa = PBXReferenceProxy;
			fileType = "compiled.mach-o.executable";
			path = EarlyReflections;
			remoteRef = 3EF9EC0F225685CF0047AC2A /* PBXContainerItemProxy */;
			sourceTree = BUILT_PRODUCTS_DIR;
		};
/* End PBXReferenceProxy section */

/* Begin PBXResourcesBuildPhase section */
		686E2F5A4EE4D59DF5A75123 /* Resources */ = {
			isa = PBXResourcesBuildPhase;
			buildActionMask = 2147483647;
			files = (
				C7226B16B74364C2969836E3 /* RecentFilesMenuTemplate.nib in Resources */,
			);
			runOnlyForDeploymentPostprocessing = 0;
		};
/* End PBXResourcesBuildPhase section */

/* Begin PBXRezBuildPhase section */
		67A269A4FD7F28934CEA5D2E /* Rez */ = {
			isa = PBXRezBuildPhase;
			buildActionMask = 2147483647;
			files = (
				872521B9CC476E15DECB95BE /* include_juce_audio_plugin_client_AU.r in Rez */,
			);
			runOnlyForDeploymentPostprocessing = 0;
		};
/* End PBXRezBuildPhase section */

/* Begin PBXSourcesBuildPhase section */
		3B0240E0A986A79B1A2172B9 /* Sources */ = {
			isa = PBXSourcesBuildPhase;
			buildActionMask = 2147483647;
			files = (
				7175BE872EA28A634880CDD4 /* include_juce_audio_plugin_client_AU_1.mm in Sources */,
				D4AF817E96EBFE0F101CA2DE /* include_juce_audio_plugin_client_AU_2.mm in Sources */,
			);
			runOnlyForDeploymentPostprocessing = 0;
		};
		E2A966EB54AC61C226ACCA5D /* Sources */ = {
			isa = PBXSourcesBuildPhase;
			buildActionMask = 2147483647;
			files = (
				7E22FBFD0AA6B91065B874E8 /* PluginProcessor.cpp in Sources */,
				31F4629DDEAC5CBB76CEF491 /* PluginEditor.cpp in Sources */,
				B047AD5B69075255A0E83D00 /* include_juce_audio_basics.mm in Sources */,
				1DF75E355768553F29FBE240 /* include_juce_audio_devices.mm in Sources */,
				5EC8C35EF2737FE726CE07B0 /* include_juce_audio_formats.mm in Sources */,
				6DE56AA38EDC82B804939EDB /* include_juce_audio_plugin_client_utils.cpp in Sources */,
				598932DFE270ABD5BACAA5DD /* include_juce_audio_plugin_client_VST_utils.mm in Sources */,
				151ED2942E7CEF99006CFBC1 /* include_juce_audio_processors.mm in Sources */,
				0DEDB2FFFBFA084954777B33 /* include_juce_audio_utils.mm in Sources */,
				473C8892E3BE231577A00876 /* include_juce_core.mm in Sources */,
				120A826FA1350691232CE0E9 /* include_juce_cryptography.mm in Sources */,
				70EC14002D8E407D91AF4F25 /* include_juce_data_structures.mm in Sources */,
				F829658DEE0FB22E86442D30 /* include_juce_events.mm in Sources */,
				C7D488191A1F6DCBA606699B /* include_juce_graphics.mm in Sources */,
				B3CFB49F353F878536E781A2 /* include_juce_gui_basics.mm in Sources */,
				35461CD209CC73A8ACF8627D /* include_juce_gui_extra.mm in Sources */,
				DEC98D04C7D77C8EA50089AD /* include_juce_opengl.mm in Sources */,
			);
			runOnlyForDeploymentPostprocessing = 0;
		};
/* End PBXSourcesBuildPhase section */

/* Begin PBXTargetDependency section */
		2AE65F504FEFDCD2A7D71410 /* PBXTargetDependency */ = {
			isa = PBXTargetDependency;
			target = D1CA356FFB52453101F35A45 /* MoorerReverb - AU */;
			targetProxy = 3EF9EBF72256856B0047AC2A /* PBXContainerItemProxy */;
		};
		A68D930F50967C0C2041FF91 /* PBXTargetDependency */ = {
			isa = PBXTargetDependency;
			target = 4A85E84474147E0C54B52586 /* MoorerReverb - Shared Code */;
			targetProxy = 3EF9EBF62256856B0047AC2A /* PBXContainerItemProxy */;
		};
/* End PBXTargetDependency section */

/* Begin XCBuildConfiguration section */
		4E606DEFF717268451C72C0A /* Release */ = {
			isa = XCBuildConfiguration;
			buildSettings = {
				ARCHS = "$(ARCHS_STANDARD_64_BIT)";
				CLANG_CXX_LANGUAGE_STANDARD = "c++14";
				CLANG_CXX_LIBRARY = "libc++";
				CLANG_LINK_OBJC_RUNTIME = NO;
				COMBINE_HIDPI_IMAGES = YES;
				CONFIGURATION_BUILD_DIR = "$(PROJECT_DIR)/build/$(CONFIGURATION)";
				DEAD_CODE_STRIPPING = YES;
				GCC_GENERATE_DEBUGGING_SYMBOLS = NO;
				GCC_OPTIMIZATION_LEVEL = 3;
				GCC_PREPROCESSOR_DEFINITIONS = (
					"_NDEBUG=1",
					"NDEBUG=1",
					"JUCER_XCODE_MAC_F6D2F4CF=1",
					"JUCE_APP_VERSION=1.0.0",
					"JUCE_APP_VERSION_HEX=0x10000",
					"JucePlugin_Build_VST=0",
					"JucePlugin_Build_VST3=0",
					"JucePlugin_Build_AU=1",
					"JucePlugin_Build_AUv3=0",
					"JucePlugin_Build_RTAS=0",
					"JucePlugin_Build_AAX=0",
					"JucePlugin_Build_Standalone=0",
					"JucePlugin_Build_Unity=0",
					"JUCE_SHARED_CODE=1",
				);
				GCC_SYMBOLS_PRIVATE_EXTERN = YES;
				GCC_VERSION = com.apple.compilers.llvm.clang.1_0;
				HEADER_SEARCH_PATHS = (
					../../JuceLibraryCode,
					/Applications/JUCE/modules,
					/Applications/JUCE/modules/juce_audio_plugin_client,
					"$(inherited)",
				);
				INSTALL_PATH = "@executable_path/../Frameworks";
				LLVM_LTO = YES;
				MACOSX_DEPLOYMENT_TARGET = 10.11;
				PRODUCT_BUNDLE_IDENTIFIER = com.yourcompany.MoorerReverb;
				PRODUCT_NAME = MoorerReverb;
				SKIP_INSTALL = YES;
				USE_HEADERMAP = NO;
			};
			name = Release;
		};
		4E7BB7BE34FE63B03E49F211 /* Release */ = {
			isa = XCBuildConfiguration;
			buildSettings = {
				ALWAYS_SEARCH_USER_PATHS = NO;
				CLANG_ENABLE_OBJC_WEAK = YES;
				CLANG_WARN_BLOCK_CAPTURE_AUTORELEASING = YES;
				CLANG_WARN_BOOL_CONVERSION = YES;
				CLANG_WARN_COMMA = YES;
				CLANG_WARN_CONSTANT_CONVERSION = YES;
				CLANG_WARN_DEPRECATED_OBJC_IMPLEMENTATIONS = YES;
				CLANG_WARN_EMPTY_BODY = YES;
				CLANG_WARN_ENUM_CONVERSION = YES;
				CLANG_WARN_INFINITE_RECURSION = YES;
				CLANG_WARN_INT_CONVERSION = YES;
				CLANG_WARN_NON_LITERAL_NULL_CONVERSION = YES;
				CLANG_WARN_OBJC_IMPLICIT_RETAIN_SELF = YES;
				CLANG_WARN_OBJC_LITERAL_CONVERSION = YES;
				CLANG_WARN_RANGE_LOOP_ANALYSIS = YES;
				CLANG_WARN_STRICT_PROTOTYPES = YES;
				CLANG_WARN_SUSPICIOUS_MOVE = YES;
				CLANG_WARN_UNREACHABLE_CODE = YES;
				CLANG_WARN__DUPLICATE_METHOD_MATCH = YES;
				DEBUG_INFORMATION_FORMAT = dwarf;
				ENABLE_STRICT_OBJC_MSGSEND = YES;
				GCC_C_LANGUAGE_STANDARD = c11;
				GCC_INLINES_ARE_PRIVATE_EXTERN = YES;
				GCC_MODEL_TUNING = G5;
				GCC_NO_COMMON_BLOCKS = YES;
				GCC_WARN_64_TO_32_BIT_CONVERSION = YES;
				GCC_WARN_ABOUT_RETURN_TYPE = YES;
				GCC_WARN_CHECK_SWITCH_STATEMENTS = YES;
				GCC_WARN_MISSING_PARENTHESES = YES;
				GCC_WARN_NON_VIRTUAL_DESTRUCTOR = YES;
				GCC_WARN_TYPECHECK_CALLS_TO_PRINTF = YES;
				GCC_WARN_UNDECLARED_SELECTOR = YES;
				GCC_WARN_UNINITIALIZED_AUTOS = YES;
				GCC_WARN_UNUSED_FUNCTION = YES;
				GCC_WARN_UNUSED_VARIABLE = YES;
				PRODUCT_NAME = MoorerReverb;
				WARNING_CFLAGS = "-Wreorder";
				ZERO_LINK = NO;
			};
			name = Release;
		};
		76B9AA03B567E7E4F8343BBD /* Debug */ = {
			isa = XCBuildConfiguration;
			buildSettings = {
				ARCHS = "$(ARCHS_STANDARD_64_BIT)";
				CLANG_CXX_LANGUAGE_STANDARD = "c++14";
				CLANG_CXX_LIBRARY = "libc++";
				CLANG_LINK_OBJC_RUNTIME = NO;
				COMBINE_HIDPI_IMAGES = YES;
				CONFIGURATION_BUILD_DIR = "$(PROJECT_DIR)/build/$(CONFIGURATION)";
				COPY_PHASE_STRIP = NO;
				DEPLOYMENT_LOCATION = YES;
				DSTROOT = /;
				GCC_DYNAMIC_NO_PIC = NO;
				GCC_OPTIMIZATION_LEVEL = 0;
				GCC_PREPROCESSOR_DEFINITIONS = (
					"_DEBUG=1",
					"DEBUG=1",
					"JUCER_XCODE_MAC_F6D2F4CF=1",
					"JUCE_APP_VERSION=1.0.0",
					"JUCE_APP_VERSION_HEX=0x10000",
					"JucePlugin_Build_VST=0",
					"JucePlugin_Build_VST3=0",
					"JucePlugin_Build_AU=1",
					"JucePlugin_Build_AUv3=0",
					"JucePlugin_Build_RTAS=0",
					"JucePlugin_Build_AAX=0",
					"JucePlugin_Build_Standalone=0",
					"JucePlugin_Build_Unity=0",
				);
				GCC_VERSION = com.apple.compilers.llvm.clang.1_0;
				GENERATE_PKGINFO_FILE = YES;
				HEADER_SEARCH_PATHS = (
					../../JuceLibraryCode,
					/Applications/JUCE/modules,
					/Applications/JUCE/modules/juce_audio_plugin_client,
					"$(inherited)",
				);
				INFOPLIST_FILE = "Info-AU.plist";
				INFOPLIST_PREPROCESS = NO;
				INSTALL_PATH = "$(HOME)/Library/Audio/Plug-Ins/Components/";
				LIBRARY_STYLE = Bundle;
				MACOSX_DEPLOYMENT_TARGET = 10.11;
				OTHER_LDFLAGS = (
					"-bundle",
					"-lMoorerReverb",
				);
				OTHER_REZFLAGS = "-d ppc_$ppc -d i386_$i386 -d ppc64_$ppc64 -d x86_64_$x86_64 -I /System/Library/Frameworks/CoreServices.framework/Frameworks/CarbonCore.framework/Versions/A/Headers -I \"$(DEVELOPER_DIR)/Extras/CoreAudio/AudioUnits/AUPublic/AUBase\"";
				PRODUCT_BUNDLE_IDENTIFIER = com.yourcompany.MoorerReverb;
				PRODUCT_NAME = MoorerReverb;
				USE_HEADERMAP = NO;
				WRAPPER_EXTENSION = component;
			};
			name = Debug;
		};
		788FFBC7D4597D64CB894045 /* Debug */ = {
			isa = XCBuildConfiguration;
			buildSettings = {
				MACOSX_DEPLOYMENT_TARGET = 10.11;
			};
			name = Debug;
		};
		ADCBFA16B9DDB17F7E56A527 /* Release */ = {
			isa = XCBuildConfiguration;
			buildSettings = {
				ARCHS = "$(ARCHS_STANDARD_64_BIT)";
				CLANG_CXX_LANGUAGE_STANDARD = "c++14";
				CLANG_CXX_LIBRARY = "libc++";
				CLANG_LINK_OBJC_RUNTIME = NO;
				COMBINE_HIDPI_IMAGES = YES;
				CONFIGURATION_BUILD_DIR = "$(PROJECT_DIR)/build/$(CONFIGURATION)";
				DEAD_CODE_STRIPPING = YES;
				DEPLOYMENT_LOCATION = YES;
				DSTROOT = /;
				GCC_GENERATE_DEBUGGING_SYMBOLS = NO;
				GCC_OPTIMIZATION_LEVEL = 3;
				GCC_PREPROCESSOR_DEFINITIONS = (
					"_NDEBUG=1",
					"NDEBUG=1",
					"JUCER_XCODE_MAC_F6D2F4CF=1",
					"JUCE_APP_VERSION=1.0.0",
					"JUCE_APP_VERSION_HEX=0x10000",
					"JucePlugin_Build_VST=0",
					"JucePlugin_Build_VST3=0",
					"JucePlugin_Build_AU=1",
					"JucePlugin_Build_AUv3=0",
					"JucePlugin_Build_RTAS=0",
					"JucePlugin_Build_AAX=0",
					"JucePlugin_Build_Standalone=0",
					"JucePlugin_Build_Unity=0",
				);
				GCC_SYMBOLS_PRIVATE_EXTERN = YES;
				GCC_VERSION = com.apple.compilers.llvm.clang.1_0;
				GENERATE_PKGINFO_FILE = YES;
				HEADER_SEARCH_PATHS = (
					../../JuceLibraryCode,
					/Applications/JUCE/modules,
					/Applications/JUCE/modules/juce_audio_plugin_client,
					"$(inherited)",
				);
				INFOPLIST_FILE = "Info-AU.plist";
				INFOPLIST_PREPROCESS = NO;
				INSTALL_PATH = "$(HOME)/Library/Audio/Plug-Ins/Components/";
				LIBRARY_STYLE = Bundle;
				LLVM_LTO = YES;
				MACOSX_DEPLOYMENT_TARGET = 10.11;
				OTHER_LDFLAGS = (
					"-bundle",
					"-lMoorerReverb",
				);
				OTHER_REZFLAGS = "-d ppc_$ppc -d i386_$i386 -d ppc64_$ppc64 -d x86_64_$x86_64 -I /System/Library/Frameworks/CoreServices.framework/Frameworks/CarbonCore.framework/Versions/A/Headers -I \"$(DEVELOPER_DIR)/Extras/CoreAudio/AudioUnits/AUPublic/AUBase\"";
				PRODUCT_BUNDLE_IDENTIFIER = com.yourcompany.MoorerReverb;
				PRODUCT_NAME = MoorerReverb;
				USE_HEADERMAP = NO;
				WRAPPER_EXTENSION = component;
			};
			name = Release;
		};
		B2B79889A74E6135260ECC7D /* Debug */ = {
			isa = XCBuildConfiguration;
			buildSettings = {
				ALWAYS_SEARCH_USER_PATHS = NO;
				CLANG_ENABLE_OBJC_WEAK = YES;
				CLANG_WARN_BLOCK_CAPTURE_AUTORELEASING = YES;
				CLANG_WARN_BOOL_CONVERSION = YES;
				CLANG_WARN_COMMA = YES;
				CLANG_WARN_CONSTANT_CONVERSION = YES;
				CLANG_WARN_DEPRECATED_OBJC_IMPLEMENTATIONS = YES;
				CLANG_WARN_EMPTY_BODY = YES;
				CLANG_WARN_ENUM_CONVERSION = YES;
				CLANG_WARN_INFINITE_RECURSION = YES;
				CLANG_WARN_INT_CONVERSION = YES;
				CLANG_WARN_NON_LITERAL_NULL_CONVERSION = YES;
				CLANG_WARN_OBJC_IMPLICIT_RETAIN_SELF = YES;
				CLANG_WARN_OBJC_LITERAL_CONVERSION = YES;
				CLANG_WARN_RANGE_LOOP_ANALYSIS = YES;
				CLANG_WARN_STRICT_PROTOTYPES = YES;
				CLANG_WARN_SUSPICIOUS_MOVE = YES;
				CLANG_WARN_UNREACHABLE_CODE = YES;
				CLANG_WARN__DUPLICATE_METHOD_MATCH = YES;
				DEBUG_INFORMATION_FORMAT = dwarf;
				ENABLE_STRICT_OBJC_MSGSEND = YES;
				ENABLE_TESTABILITY = YES;
				GCC_C_LANGUAGE_STANDARD = c11;
				GCC_INLINES_ARE_PRIVATE_EXTERN = YES;
				GCC_MODEL_TUNING = G5;
				GCC_NO_COMMON_BLOCKS = YES;
				GCC_WARN_64_TO_32_BIT_CONVERSION = YES;
				GCC_WARN_ABOUT_RETURN_TYPE = YES;
				GCC_WARN_CHECK_SWITCH_STATEMENTS = YES;
				GCC_WARN_MISSING_PARENTHESES = YES;
				GCC_WARN_NON_VIRTUAL_DESTRUCTOR = YES;
				GCC_WARN_TYPECHECK_CALLS_TO_PRINTF = YES;
				GCC_WARN_UNDECLARED_SELECTOR = YES;
				GCC_WARN_UNINITIALIZED_AUTOS = YES;
				GCC_WARN_UNUSED_FUNCTION = YES;
				GCC_WARN_UNUSED_VARIABLE = YES;
				PRODUCT_NAME = MoorerReverb;
				WARNING_CFLAGS = "-Wreorder";
				ZERO_LINK = NO;
			};
			name = Debug;
		};
		E1DBEA0DCDBE2CF1BF9A5F44 /* Release */ = {
			isa = XCBuildConfiguration;
			buildSettings = {
				MACOSX_DEPLOYMENT_TARGET = 10.11;
			};
			name = Release;
		};
		FD01DF979165FD99D6C1CFFF /* Debug */ = {
			isa = XCBuildConfiguration;
			buildSettings = {
				ARCHS = "$(ARCHS_STANDARD_64_BIT)";
				CLANG_CXX_LANGUAGE_STANDARD = "c++14";
				CLANG_CXX_LIBRARY = "libc++";
				CLANG_LINK_OBJC_RUNTIME = NO;
				COMBINE_HIDPI_IMAGES = YES;
				CONFIGURATION_BUILD_DIR = "$(PROJECT_DIR)/build/$(CONFIGURATION)";
				COPY_PHASE_STRIP = NO;
				GCC_DYNAMIC_NO_PIC = NO;
				GCC_OPTIMIZATION_LEVEL = 0;
				GCC_PREPROCESSOR_DEFINITIONS = (
					"_DEBUG=1",
					"DEBUG=1",
					"JUCER_XCODE_MAC_F6D2F4CF=1",
					"JUCE_APP_VERSION=1.0.0",
					"JUCE_APP_VERSION_HEX=0x10000",
					"JucePlugin_Build_VST=0",
					"JucePlugin_Build_VST3=0",
					"JucePlugin_Build_AU=1",
					"JucePlugin_Build_AUv3=0",
					"JucePlugin_Build_RTAS=0",
					"JucePlugin_Build_AAX=0",
					"JucePlugin_Build_Standalone=0",
					"JucePlugin_Build_Unity=0",
					"JUCE_SHARED_CODE=1",
				);
				GCC_VERSION = com.apple.compilers.llvm.clang.1_0;
				HEADER_SEARCH_PATHS = (
					../../JuceLibraryCode,
					/Applications/JUCE/modules,
					/Applications/JUCE/modules/juce_audio_plugin_client,
					"$(inherited)",
				);
				INSTALL_PATH = "@executable_path/../Frameworks";
				MACOSX_DEPLOYMENT_TARGET = 10.11;
				PRODUCT_BUNDLE_IDENTIFIER = com.yourcompany.MoorerReverb;
				PRODUCT_NAME = MoorerReverb;
				SKIP_INSTALL = YES;
				USE_HEADERMAP = NO;
			};
			name = Debug;
		};
/* End XCBuildConfiguration section */

/* Begin XCConfigurationList section */
		2A252A6319C9416410D01611 /* Build configuration list for PBXProject "MoorerReverb" */ = {
			isa = XCConfigurationList;
			buildConfigurations = (
				B2B79889A74E6135260ECC7D /* Debug */,
				4E7BB7BE34FE63B03E49F211 /* Release */,
			);
			defaultConfigurationIsVisible = 0;
			defaultConfigurationName = Debug;
		};
		5DAAB99E92FD64370275D648 /* Build configuration list for PBXAggregateTarget "MoorerReverb - All" */ = {
			isa = XCConfigurationList;
			buildConfigurations = (
				788FFBC7D4597D64CB894045 /* Debug */,
				E1DBEA0DCDBE2CF1BF9A5F44 /* Release */,
			);
			defaultConfigurationIsVisible = 0;
			defaultConfigurationName = Debug;
		};
		BA3E8C97113F2B0B9BCEB1E4 /* Build configuration list for PBXNativeTarget "MoorerReverb - AU" */ = {
			isa = XCConfigurationList;
			buildConfigurations = (
				76B9AA03B567E7E4F8343BBD /* Debug */,
				ADCBFA16B9DDB17F7E56A527 /* Release */,
			);
			defaultConfigurationIsVisible = 0;
			defaultConfigurationName = Debug;
		};
		F629E14CD999CFC212E496A4 /* Build configuration list for PBXNativeTarget "MoorerReverb - Shared Code" */ = {
			isa = XCConfigurationList;
			buildConfigurations = (
				FD01DF979165FD99D6C1CFFF /* Debug */,
				4E606DEFF717268451C72C0A /* Release */,
			);
			defaultConfigurationIsVisible = 0;
			defaultConfigurationName = Debug;
		};
/* End XCConfigurationList section */
	};
	rootObject = 23925505D2DE213E103CB4F8 /* Project object */;
}
