// !$*UTF8*$!
{
	archiveVersion = 1;
	classes = {
	};
	objectVersion = 46;
	objects = {
		2CDFA9947F0BAAAD6713A5A1 = {
			isa = PBXBuildFile;
			fileRef = 21B4795C3A203DA8FEB23DC6;
		};
		C6C692365806F0CCAF75A75A = {
			isa = PBXBuildFile;
			fileRef = 0207197A0E674492F0C109D0;
		};
		289C3B3F31E0FA36D8B35E46 = {
			isa = PBXBuildFile;
			fileRef = D1F14A40AD95D041F6D1CB81;
		};
		3CFE5CB6B6F294E571570CDF = {
			isa = PBXBuildFile;
			fileRef = E7FFF906E20E7DA7AF09D02F;
		};
		C8AFA23FD4AE187433D60F32 = {
			isa = PBXBuildFile;
			fileRef = 7E26C83C5D8E525E45747B0A;
		};
		26C8054D10537C53A09F9115 = {
			isa = PBXBuildFile;
			fileRef = E476F0F466E30D300BF6F213;
		};
		23F3020D98782BBC17D99625 = {
			isa = PBXBuildFile;
			fileRef = 1A5A7A85C74B248A821D6E55;
		};
		936498376D50B1F13983A697 = {
			isa = PBXBuildFile;
			fileRef = A903A856B948789F1B53679A;
		};
		E77446708FEA00671265229C = {
			isa = PBXBuildFile;
			fileRef = 7302A1AF45E26ACEB0D9FC3D;
		};
		861A976F6EA07CC9737CDE5E = {
			isa = PBXBuildFile;
			fileRef = 9D0BE11842ECB65FB00AB289;
		};
		A33E5CF079848696984B558F = {
			isa = PBXBuildFile;
			fileRef = 66484F4B7AD4B17713B3044B;
		};
		C5BE6001C52CC24B8ECFD9C4 = {
			isa = PBXBuildFile;
			fileRef = 93E475D6A9C985F31C797F69;
		};
		7063052F291D52CFD0938B20 = {
			isa = PBXBuildFile;
			fileRef = 72DE9F36BE2481E1D2CE8608;
		};
		743539FFF18EE1BB50C038F8 = {
			isa = PBXBuildFile;
			fileRef = 739BB94B106DD034DA286D8B;
		};
		02BED4913B9CD21C30BCD640 = {
			isa = PBXBuildFile;
			fileRef = 30FE698AB0027A19E37CEA9A;
		};
		C7226B16B74364C2969836E3 = {
			isa = PBXBuildFile;
			fileRef = 05A3E036CA3AEBB462444C91;
		};
		6D89AFA45E532BB2F7C13474 = {
			isa = PBXBuildFile;
			fileRef = 1C33EF3F14D8AF822BC5E03A;
		};
		7E22FBFD0AA6B91065B874E8 = {
			isa = PBXBuildFile;
			fileRef = 889BE417A1FE3B8B2004BBE8;
		};
		31F4629DDEAC5CBB76CEF491 = {
			isa = PBXBuildFile;
			fileRef = 6153735CAB916FD6A30B96EA;
		};
		509AC1C6A3D81561EA42256D = {
			isa = PBXBuildFile;
			fileRef = 66A716FC17BC32CD64B6F272;
		};
		B047AD5B69075255A0E83D00 = {
			isa = PBXBuildFile;
			fileRef = 2B6C4BB96F87D46EAAFC4DB1;
		};
		1DF75E355768553F29FBE240 = {
			isa = PBXBuildFile;
			fileRef = F840973D966510257A258DD7;
		};
		5EC8C35EF2737FE726CE07B0 = {
			isa = PBXBuildFile;
			fileRef = 64718609E73539C1CA11D50E;
		};
		872521B9CC476E15DECB95BE = {
			isa = PBXBuildFile;
			fileRef = E437A5A16CDC764CACC69A4B;
		};
		7175BE872EA28A634880CDD4 = {
			isa = PBXBuildFile;
			fileRef = 928F2F320DC9D5C9E35D279E;
		};
		D4AF817E96EBFE0F101CA2DE = {
			isa = PBXBuildFile;
			fileRef = 6996405759B2642B9FB0707D;
		};
		6DE56AA38EDC82B804939EDB = {
			isa = PBXBuildFile;
			fileRef = 8582435A5E46B8994EED4821;
		};
		598932DFE270ABD5BACAA5DD = {
			isa = PBXBuildFile;
			fileRef = D314C6EFFA59FC05434C4CB8;
		};
		151ED2942E7CEF99006CFBC1 = {
			isa = PBXBuildFile;
			fileRef = 8E7DF77BF8EA7F2154DE4381;
		};
		0DEDB2FFFBFA084954777B33 = {
			isa = PBXBuildFile;
			fileRef = 10F8654F21562FACFE0EE23E;
		};
		473C8892E3BE231577A00876 = {
			isa = PBXBuildFile;
			fileRef = B4837BA54328181AA5E4267E;
		};
		120A826FA1350691232CE0E9 = {
			isa = PBXBuildFile;
			fileRef = A454E12D37D1267DE0F650EE;
		};
		70EC14002D8E407D91AF4F25 = {
			isa = PBXBuildFile;
			fileRef = 55A6E5D6557E75BE95C7F549;
		};
		F829658DEE0FB22E86442D30 = {
			isa = PBXBuildFile;
			fileRef = E20CCCFD063246BC2C7DF59E;
		};
		C7D488191A1F6DCBA606699B = {
			isa = PBXBuildFile;
			fileRef = 580BE5E452E344FB6B214163;
		};
		B3CFB49F353F878536E781A2 = {
			isa = PBXBuildFile;
			fileRef = 46D4272425EC070DA4B021D7;
		};
		35461CD209CC73A8ACF8627D = {
			isa = PBXBuildFile;
			fileRef = DFD3EA7986111D75161C1D78;
		};
		DEC98D04C7D77C8EA50089AD = {
			isa = PBXBuildFile;
			fileRef = 53E258EDB27CF4ABE8522091;
		};
		21B4795C3A203DA8FEB23DC6 = {
			isa = PBXFileReference;
			explicitFileType = wrapper.cfbundle;
			includeInIndex = 0;
			path = MoorerReverb.component;
			sourceTree = "BUILT_PRODUCTS_DIR";
		};
		0207197A0E674492F0C109D0 = {
			isa = PBXFileReference;
			explicitFileType = archive.ar;
			includeInIndex = 0;
			path = libMoorerReverb.a;
			sourceTree = "BUILT_PRODUCTS_DIR";
		};
		0354535D064D64514242265B = {
			isa = PBXFileReference;
			lastKnownFileType = file;
			name = "juce_gui_basics";
			path = "/Applications/JUCE/modules/juce_gui_basics";
			sourceTree = "<absolute>";
		};
		05A3E036CA3AEBB462444C91 = {
			isa = PBXFileReference;
			lastKnownFileType = file.nib;
			name = RecentFilesMenuTemplate.nib;
			path = RecentFilesMenuTemplate.nib;
			sourceTree = "SOURCE_ROOT";
		};
		0CBB943CA5D48F1FA22928F1 = {
			isa = PBXFileReference;
			lastKnownFileType = file;
			name = "juce_audio_devices";
			path = "/Applications/JUCE/modules/juce_audio_devices";
			sourceTree = "<absolute>";
		};
		10F8654F21562FACFE0EE23E = {
			isa = PBXFileReference;
			lastKnownFileType = sourcecode.cpp.objcpp;
			name = "include_juce_audio_utils.mm";
			path = "../../JuceLibraryCode/include_juce_audio_utils.mm";
			sourceTree = "SOURCE_ROOT";
		};
		12BF034B7D398394F59DD4EB = {
			isa = PBXFileReference;
			lastKnownFileType = file;
			name = "juce_audio_utils";
			path = "/Users/seannewell/JUCE/modules/juce_audio_utils";
			sourceTree = "<absolute>";
		};
		169C18A3A9987C4B4CEF3F92 = {
			isa = PBXFileReference;
			lastKnownFileType = sourcecode.c.h;
			name = PluginProcessor.h;
			path = ../../Source/PluginProcessor.h;
			sourceTree = "SOURCE_ROOT";
		};
		1A5A7A85C74B248A821D6E55 = {
			isa = PBXFileReference;
			lastKnownFileType = wrapper.framework;
			name = Cocoa.framework;
			path = System/Library/Frameworks/Cocoa.framework;
			sourceTree = SDKROOT;
		};
		1C33EF3F14D8AF822BC5E03A = {
			isa = PBXFileReference;
			lastKnownFileType = sourcecode.cpp.cpp;
			name = MoorerReverb.cpp;
			path = ../../Source/MoorerReverb.cpp;
			sourceTree = "SOURCE_ROOT";
		};
		1DA5C6BCCA8D32A93293E25C = {
			isa = PBXFileReference;
			lastKnownFileType = text.plist.xml;
			name = MoorerReverb.entitlements;
			path = MoorerReverb.entitlements;
			sourceTree = "SOURCE_ROOT";
		};

		1EC6F4B005B7B33FC87CE3C9 = {
			isa = PBXFileReference;
			lastKnownFileType = file;
			name = "juce_audio_plugin_client";
			path = "/Applications/JUCE/modules/juce_audio_plugin_client";
			sourceTree = "<absolute>";
		};
		23559CC6ADE75A070B67A70E = {
			isa = PBXFileReference;
			lastKnownFileType = file;
			name = "juce_audio_basics";
			path = "/Applications/JUCE/modules/juce_audio_basics";
			sourceTree = "<absolute>";
		};
		2B6C4BB96F87D46EAAFC4DB1 = {
			isa = PBXFileReference;
			lastKnownFileType = sourcecode.cpp.objcpp;
			name = "include_juce_audio_basics.mm";
			path = "../../JuceLibraryCode/include_juce_audio_basics.mm";
			sourceTree = "SOURCE_ROOT";
		};
		30FE698AB0027A19E37CEA9A = {
			isa = PBXFileReference;
			lastKnownFileType = wrapper.framework;
			name = WebKit.framework;
			path = System/Library/Frameworks/WebKit.framework;
			sourceTree = SDKROOT;
		};

		3CC8238AB5DC060AE11FB3A1 = {
			isa = PBXFileReference;
			lastKnownFileType = file;
			name = "juce_events";
			path = "/Applications/JUCE/modules/juce_events";
			sourceTree = "<absolute>";
		};
		4572ED4CC1FE82E98B448E52 = {
			isa = PBXFileReference;
			lastKnownFileType = file;
			name = "juce_core";
			path = "/Applications/JUCE/modules/juce_core";
			sourceTree = "<absolute>";
		};
		46D4272425EC070DA4B021D7 = {
			isa = PBXFileReference;
			lastKnownFileType = sourcecode.cpp.objcpp;
			name = "include_juce_gui_basics.mm";
			path = "../../JuceLibraryCode/include_juce_gui_basics.mm";
			sourceTree = "SOURCE_ROOT";
		};
		4AB5E24DC30AF7D5C4189E3C = {
			isa = PBXFileReference;
			lastKnownFileType = sourcecode.c.h;
			name = Delay.h;
			path = ../../Source/Delay.h;
			sourceTree = "SOURCE_ROOT";
		};
		53E258EDB27CF4ABE8522091 = {
			isa = PBXFileReference;
			lastKnownFileType = sourcecode.cpp.objcpp;
			name = "include_juce_opengl.mm";
			path = "../../JuceLibraryCode/include_juce_opengl.mm";
			sourceTree = "SOURCE_ROOT";
		};
		554E868181F8E04FEB269FBF = {
			isa = PBXFileReference;
			lastKnownFileType = sourcecode.c.h;
			name = MoorerReverb.h;
			path = ../../Source/MoorerReverb.h;
			sourceTree = "SOURCE_ROOT";
		};
		55A6E5D6557E75BE95C7F549 = {
			isa = PBXFileReference;
			lastKnownFileType = sourcecode.cpp.objcpp;
			name = "include_juce_data_structures.mm";
			path = "../../JuceLibraryCode/include_juce_data_structures.mm";
			sourceTree = "SOURCE_ROOT";
		};
		580BE5E452E344FB6B214163 = {
			isa = PBXFileReference;
			lastKnownFileType = sourcecode.cpp.objcpp;
			name = "include_juce_graphics.mm";
			path = "../../JuceLibraryCode/include_juce_graphics.mm";
			sourceTree = "SOURCE_ROOT";
		};
		6153735CAB916FD6A30B96EA = {
			isa = PBXFileReference;
			lastKnownFileType = sourcecode.cpp.cpp;
			name = PluginEditor.cpp;
			path = ../../Source/PluginEditor.cpp;
			sourceTree = "SOURCE_ROOT";
		};
		631E1C5B3BE6F6E5CB8821BD = {
			isa = PBXFileReference;
			lastKnownFileType = file;
			name = "juce_data_structures";
			path = "/Users/seannewell/JUCE/modules/juce_data_structures";
			sourceTree = "<absolute>";
		};
		64718609E73539C1CA11D50E = {
			isa = PBXFileReference;
			lastKnownFileType = sourcecode.cpp.objcpp;
			name = "include_juce_audio_formats.mm";
			path = "../../JuceLibraryCode/include_juce_audio_formats.mm";
			sourceTree = "SOURCE_ROOT";
		};
		66484F4B7AD4B17713B3044B = {
			isa = PBXFileReference;
			lastKnownFileType = wrapper.framework;
			name = DiscRecording.framework;
			path = System/Library/Frameworks/DiscRecording.framework;
			sourceTree = SDKROOT;
		};
		66A716FC17BC32CD64B6F272 = {
			isa = PBXFileReference;
			lastKnownFileType = sourcecode.cpp.cpp;
			name = Delay.cpp;
			path = ../../Source/Delay.cpp;
			sourceTree = "SOURCE_ROOT";
		};
		6996405759B2642B9FB0707D = {
			isa = PBXFileReference;
			lastKnownFileType = sourcecode.cpp.objcpp;
			name = "include_juce_audio_plugin_client_AU_2.mm";
			path = "../../JuceLibraryCode/include_juce_audio_plugin_client_AU_2.mm";
			sourceTree = "SOURCE_ROOT";
		};
		72DE9F36BE2481E1D2CE8608 = {
			isa = PBXFileReference;
			lastKnownFileType = wrapper.framework;
			name = OpenGL.framework;
			path = System/Library/Frameworks/OpenGL.framework;
			sourceTree = SDKROOT;
		};
		7302A1AF45E26ACEB0D9FC3D = {
			isa = PBXFileReference;
			lastKnownFileType = wrapper.framework;
			name = CoreAudioKit.framework;
			path = System/Library/Frameworks/CoreAudioKit.framework;
			sourceTree = SDKROOT;
		};
		739BB94B106DD034DA286D8B = {
			isa = PBXFileReference;
			lastKnownFileType = wrapper.framework;
			name = QuartzCore.framework;
			path = System/Library/Frameworks/QuartzCore.framework;
			sourceTree = SDKROOT;
		};
		7D33F6E1EB5AD1E9E312E847 = {
			isa = PBXFileReference;
			lastKnownFileType = file;
			name = "juce_cryptography";
			path = "/Applications/JUCE/modules/juce_cryptography";
			sourceTree = "<absolute>";
		};
		7D5DCD8C044F056BD8C347CB = {
			isa = PBXFileReference;
			lastKnownFileType = text.plist.xml;
			name = "Info-AU.plist";
			path = "Info-AU.plist";
			sourceTree = "SOURCE_ROOT";
		};
		7E26C83C5D8E525E45747B0A = {
			isa = PBXFileReference;
			lastKnownFileType = wrapper.framework;
			name = AudioUnit.framework;
			path = System/Library/Frameworks/AudioUnit.framework;
			sourceTree = SDKROOT;
		};
		8582435A5E46B8994EED4821 = {
			isa = PBXFileReference;
			lastKnownFileType = sourcecode.cpp.cpp;
			name = "include_juce_audio_plugin_client_utils.cpp";
			path = "../../JuceLibraryCode/include_juce_audio_plugin_client_utils.cpp";
			sourceTree = "SOURCE_ROOT";
		};
		889BE417A1FE3B8B2004BBE8 = {
			isa = PBXFileReference;
			lastKnownFileType = sourcecode.cpp.cpp;
			name = PluginProcessor.cpp;
			path = ../../Source/PluginProcessor.cpp;
			sourceTree = "SOURCE_ROOT";
		};

		8E7DF77BF8EA7F2154DE4381 = {
			isa = PBXFileReference;
			lastKnownFileType = sourcecode.cpp.objcpp;
			name = "include_juce_audio_processors.mm";
			path = "../../JuceLibraryCode/include_juce_audio_processors.mm";
			sourceTree = "SOURCE_ROOT";
		};
		8F963F47F88315342AAE84B7 = {
			isa = PBXFileReference;
			lastKnownFileType = file;
			name = "juce_core";
			path = "/Users/seannewell/JUCE/modules/juce_core";
			sourceTree = "<absolute>";
		};
		91521AC097068AEA76215D2B = {
			isa = PBXFileReference;
			lastKnownFileType = file;
			name = "juce_audio_plugin_client";
			path = "/Users/seannewell/JUCE/modules/juce_audio_plugin_client";
			sourceTree = "<absolute>";
		};
		928F2F320DC9D5C9E35D279E = {
			isa = PBXFileReference;
			lastKnownFileType = sourcecode.cpp.objcpp;
			name = "include_juce_audio_plugin_client_AU_1.mm";
			path = "../../JuceLibraryCode/include_juce_audio_plugin_client_AU_1.mm";
			sourceTree = "SOURCE_ROOT";
		};
		93E475D6A9C985F31C797F69 = {
			isa = PBXFileReference;
			lastKnownFileType = wrapper.framework;
			name = IOKit.framework;
			path = System/Library/Frameworks/IOKit.framework;
			sourceTree = SDKROOT;
		};
		96BCF4AE7586206ECF823EE9 = {
			isa = PBXFileReference;
			lastKnownFileType = file;
			name = "juce_data_structures";
			path = "/Applications/JUCE/modules/juce_data_structures";
			sourceTree = "<absolute>";
		};
		9D0BE11842ECB65FB00AB289 = {
			isa = PBXFileReference;
			lastKnownFileType = wrapper.framework;
			name = CoreMIDI.framework;
			path = System/Library/Frameworks/CoreMIDI.framework;
			sourceTree = SDKROOT;
		};
		A454E12D37D1267DE0F650EE = {
			isa = PBXFileReference;
			lastKnownFileType = sourcecode.cpp.objcpp;
			name = "include_juce_cryptography.mm";
			path = "../../JuceLibraryCode/include_juce_cryptography.mm";
			sourceTree = "SOURCE_ROOT";
		};

		A903A856B948789F1B53679A = {
			isa = PBXFileReference;
			lastKnownFileType = wrapper.framework;
			name = CoreAudio.framework;
			path = System/Library/Frameworks/CoreAudio.framework;
			sourceTree = SDKROOT;
		};
		ABD67D26073B40967BB8B9EB = {
			isa = PBXFileReference;
			lastKnownFileType = file;
			name = "juce_graphics";
			path = "/Applications/JUCE/modules/juce_graphics";
			sourceTree = "<absolute>";
		};
		A903A856B948789F1B53679A = {
			isa = PBXFileReference;
			lastKnownFileType = wrapper.framework;
			name = CoreAudio.framework;
			path = System/Library/Frameworks/CoreAudio.framework;
			sourceTree = SDKROOT;
		};
		B4837BA54328181AA5E4267E = {
			isa = PBXFileReference;
			lastKnownFileType = sourcecode.cpp.objcpp;
			name = "include_juce_core.mm";
			path = "../../JuceLibraryCode/include_juce_core.mm";
			sourceTree = "SOURCE_ROOT";
		};
		BA754947C09A9D66BD00A311 = {
			isa = PBXFileReference;
			lastKnownFileType = sourcecode.c.h;
			name = PluginEditor.h;
			path = ../../Source/PluginEditor.h;
			sourceTree = "SOURCE_ROOT";
		};

		BD8CEA4DF04840148378B734 = {
			isa = PBXFileReference;
			lastKnownFileType = file;
			name = "juce_gui_extra";
			path = "/Applications/JUCE/modules/juce_gui_extra";
			sourceTree = "<absolute>";
		};
		BF9E87C647248A4D7D4ADB70 = {
			isa = PBXFileReference;
			lastKnownFileType = file;
			name = "juce_audio_utils";
			path = "/Applications/JUCE/modules/juce_audio_utils";
			sourceTree = "<absolute>";
		};
		C41DA602C27C93D725334002 = {
			isa = PBXFileReference;
			lastKnownFileType = file;
			name = "juce_audio_processors";
			path = "/Applications/JUCE/modules/juce_audio_processors";
			sourceTree = "<absolute>";
		};
		D1476E2BC72A3904118A75F4 = {
			isa = PBXFileReference;
			lastKnownFileType = file;
			name = "juce_opengl";
			path = "/Applications/JUCE/modules/juce_opengl";
			sourceTree = "<absolute>";
		};
		D1F14A40AD95D041F6D1CB81 = {
			isa = PBXFileReference;
			lastKnownFileType = wrapper.framework;
			name = Accelerate.framework;
			path = System/Library/Frameworks/Accelerate.framework;
			sourceTree = SDKROOT;
		};
		D314C6EFFA59FC05434C4CB8 = {
			isa = PBXFileReference;
			lastKnownFileType = sourcecode.cpp.objcpp;
			name = "include_juce_audio_plugin_client_VST_utils.mm";
			path = "../../JuceLibraryCode/include_juce_audio_plugin_client_VST_utils.mm";
			sourceTree = "SOURCE_ROOT";
		};
		D39DCA5EB090594BFBC82628 = {
			isa = PBXFileReference;
			lastKnownFileType = file;
			name = "juce_audio_formats";
			path = "/Applications/JUCE/modules/juce_audio_formats";
			sourceTree = "<absolute>";
		};
		DFD3EA7986111D75161C1D78 = {
			isa = PBXFileReference;
			lastKnownFileType = sourcecode.cpp.objcpp;
			name = "include_juce_gui_extra.mm";
			path = "../../JuceLibraryCode/include_juce_gui_extra.mm";
			sourceTree = "SOURCE_ROOT";
		};
		E20CCCFD063246BC2C7DF59E = {
			isa = PBXFileReference;
			lastKnownFileType = sourcecode.cpp.objcpp;
			name = "include_juce_events.mm";
			path = "../../JuceLibraryCode/include_juce_events.mm";
			sourceTree = "SOURCE_ROOT";
		};
		E437A5A16CDC764CACC69A4B = {
			isa = PBXFileReference;
			lastKnownFileType = file.r;
			name = "include_juce_audio_plugin_client_AU.r";
			path = "../../JuceLibraryCode/include_juce_audio_plugin_client_AU.r";
			sourceTree = "SOURCE_ROOT";
		};
		E476F0F466E30D300BF6F213 = {
			isa = PBXFileReference;
			lastKnownFileType = wrapper.framework;
			name = Carbon.framework;
			path = System/Library/Frameworks/Carbon.framework;
			sourceTree = SDKROOT;
		};
		E5A2D0D434E01226F868159D = {
			isa = PBXFileReference;
			lastKnownFileType = sourcecode.c.h;
			name = JuceHeader.h;
			path = ../../JuceLibraryCode/JuceHeader.h;
			sourceTree = "SOURCE_ROOT";
		};
		E7FFF906E20E7DA7AF09D02F = {
			isa = PBXFileReference;
			lastKnownFileType = wrapper.framework;
			name = AudioToolbox.framework;
			path = System/Library/Frameworks/AudioToolbox.framework;
			sourceTree = SDKROOT;
		};
		F27B36A85D9C2FAAE937D2D0 = {
			isa = PBXFileReference;
			lastKnownFileType = sourcecode.c.h;
			name = AppConfig.h;
			path = ../../JuceLibraryCode/AppConfig.h;
			sourceTree = "SOURCE_ROOT";
		};
		F840973D966510257A258DD7 = {
			isa = PBXFileReference;
			lastKnownFileType = sourcecode.cpp.objcpp;
			name = "include_juce_audio_devices.mm";
			path = "../../JuceLibraryCode/include_juce_audio_devices.mm";
			sourceTree = "SOURCE_ROOT";
		};
		F99E87667E4A2CD774B7AF23 = {
			isa = PBXFileReference;
			lastKnownFileType = file;
			name = "juce_audio_processors";
			path = "/Users/seannewell/JUCE/modules/juce_audio_processors";
			sourceTree = "<absolute>";
		};
		F757F86A2C6CDCA657F799BF = {
			isa = PBXGroup;
			children = (
				1C33EF3F14D8AF822BC5E03A,
				554E868181F8E04FEB269FBF,
				889BE417A1FE3B8B2004BBE8,
				169C18A3A9987C4B4CEF3F92,
				6153735CAB916FD6A30B96EA,
				BA754947C09A9D66BD00A311,
				66A716FC17BC32CD64B6F272,
				4AB5E24DC30AF7D5C4189E3C,
			);
			name = Source;
			sourceTree = "<group>";
		};
		7F7CEDF5ACB44DE8C2C08618 = {
			isa = PBXGroup;
			children = (
				F757F86A2C6CDCA657F799BF,
			);
			name = MoorerReverb;
			sourceTree = "<group>";
		};
		9F6B9441012E1075AE0225F9 = {
			isa = PBXGroup;
			children = (
				23559CC6ADE75A070B67A70E,
				0CBB943CA5D48F1FA22928F1,
				D39DCA5EB090594BFBC82628,
				1EC6F4B005B7B33FC87CE3C9,
				C41DA602C27C93D725334002,
				BF9E87C647248A4D7D4ADB70,
				4572ED4CC1FE82E98B448E52,
				7D33F6E1EB5AD1E9E312E847,
				96BCF4AE7586206ECF823EE9,
				3CC8238AB5DC060AE11FB3A1,
				ABD67D26073B40967BB8B9EB,
				0354535D064D64514242265B,
				BD8CEA4DF04840148378B734,
				D1476E2BC72A3904118A75F4,
			);
			name = "JUCE Modules";
			sourceTree = "<group>";
		};
		44DEFCD0B624CC6E20D24818 = {
			isa = PBXGroup;
			children = (
				F27B36A85D9C2FAAE937D2D0,
				2B6C4BB96F87D46EAAFC4DB1,
				F840973D966510257A258DD7,
				64718609E73539C1CA11D50E,
				E437A5A16CDC764CACC69A4B,
				928F2F320DC9D5C9E35D279E,
				6996405759B2642B9FB0707D,
				8582435A5E46B8994EED4821,
				D314C6EFFA59FC05434C4CB8,
				8E7DF77BF8EA7F2154DE4381,
				10F8654F21562FACFE0EE23E,
				B4837BA54328181AA5E4267E,
				A454E12D37D1267DE0F650EE,
				55A6E5D6557E75BE95C7F549,
				E20CCCFD063246BC2C7DF59E,
				580BE5E452E344FB6B214163,
				46D4272425EC070DA4B021D7,
				DFD3EA7986111D75161C1D78,
				53E258EDB27CF4ABE8522091,
				E5A2D0D434E01226F868159D,
			);
			name = "JUCE Library Code";
			sourceTree = "<group>";
		};
		F28A3257ECC7569A82E5E5BC = {
			isa = PBXGroup;
			children = (
				7D5DCD8C044F056BD8C347CB,
				05A3E036CA3AEBB462444C91,
			);
			name = Resources;
			sourceTree = "<group>";
		};
		2F948B55DB4DE8E2C765A867 = {
			isa = PBXGroup;
			children = (
				D1F14A40AD95D041F6D1CB81,
				E7FFF906E20E7DA7AF09D02F,
				7E26C83C5D8E525E45747B0A,
				E476F0F466E30D300BF6F213,
				1A5A7A85C74B248A821D6E55,
				A903A856B948789F1B53679A,
				7302A1AF45E26ACEB0D9FC3D,
				9D0BE11842ECB65FB00AB289,
				66484F4B7AD4B17713B3044B,
				93E475D6A9C985F31C797F69,
				72DE9F36BE2481E1D2CE8608,
				739BB94B106DD034DA286D8B,
				30FE698AB0027A19E37CEA9A,
			);
			name = Frameworks;
			sourceTree = "<group>";
		};
		9487739892C613D40379BA28 = {
			isa = PBXGroup;
			children = (
				21B4795C3A203DA8FEB23DC6,
				0207197A0E674492F0C109D0,
			);
			name = Products;
			sourceTree = "<group>";
		};
		1E4CABD55056B97054AF645B = {
			isa = PBXGroup;
			children = (
				1DA5C6BCCA8D32A93293E25C,
				7F7CEDF5ACB44DE8C2C08618,
				9F6B9441012E1075AE0225F9,
				44DEFCD0B624CC6E20D24818,
				F28A3257ECC7569A82E5E5BC,
				2F948B55DB4DE8E2C765A867,
				9487739892C613D40379BA28,
			);
			name = Source;
			sourceTree = "<group>";
		};
		788FFBC7D4597D64CB894045 = {
			isa = XCBuildConfiguration;
			buildSettings = {
				MACOSX_DEPLOYMENT_TARGET = 10.11;
			};
			name = Debug;
		};
		E1DBEA0DCDBE2CF1BF9A5F44 = {
			isa = XCBuildConfiguration;
			buildSettings = {
				MACOSX_DEPLOYMENT_TARGET = 10.11;
			};
			name = Release;
		};
		76B9AA03B567E7E4F8343BBD = {
			isa = XCBuildConfiguration;
			buildSettings = {
				ARCHS = "$(ARCHS_STANDARD_64_BIT)";
				CLANG_CXX_LANGUAGE_STANDARD = "c++14";
				CLANG_CXX_LIBRARY = "libc++";
				CLANG_LINK_OBJC_RUNTIME = NO;
				COMBINE_HIDPI_IMAGES = YES;
				CONFIGURATION_BUILD_DIR = "$(PROJECT_DIR)/build/$(CONFIGURATION)";
				COPY_PHASE_STRIP = NO;
				DEPLOYMENT_LOCATION = YES;
				DSTROOT = /;
				GCC_DYNAMIC_NO_PIC = NO;
				GCC_OPTIMIZATION_LEVEL = 0;
				GCC_PREPROCESSOR_DEFINITIONS = (
					"_DEBUG=1",
					"DEBUG=1",
					"JUCER_XCODE_MAC_F6D2F4CF=1",
					"JUCE_APP_VERSION=1.0.0",
					"JUCE_APP_VERSION_HEX=0x10000",
					"JucePlugin_Build_VST=0",
					"JucePlugin_Build_VST3=0",
					"JucePlugin_Build_AU=1",
					"JucePlugin_Build_AUv3=0",
					"JucePlugin_Build_RTAS=0",
					"JucePlugin_Build_AAX=0",
					"JucePlugin_Build_Standalone=0",
					"JucePlugin_Build_Unity=0",
				);
				GCC_VERSION = com.apple.compilers.llvm.clang.1_0;
				GENERATE_PKGINFO_FILE = YES;
				HEADER_SEARCH_PATHS = (
					"../../JuceLibraryCode",
					"/Applications/JUCE/modules",
					"/Applications/JUCE/modules/juce_audio_plugin_client",
					"$(inherited)",
				);
				INFOPLIST_FILE = Info-AU.plist;
				INFOPLIST_PREPROCESS = NO;
				INSTALL_PATH = "$(HOME)/Library/Audio/Plug-Ins/Components/";
				LIBRARY_STYLE = Bundle;
				MACOSX_DEPLOYMENT_TARGET = 10.11;
				OTHER_LDFLAGS = "-bundle -lMoorerReverb";
				OTHER_REZFLAGS = "-d ppc_$ppc -d i386_$i386 -d ppc64_$ppc64 -d x86_64_$x86_64 -I /System/Library/Frameworks/CoreServices.framework/Frameworks/CarbonCore.framework/Versions/A/Headers -I \"$(DEVELOPER_DIR)/Extras/CoreAudio/AudioUnits/AUPublic/AUBase\"";
				PRODUCT_BUNDLE_IDENTIFIER = com.yourcompany.MoorerReverb;
				PRODUCT_NAME = "MoorerReverb";
				USE_HEADERMAP = NO;
				WRAPPER_EXTENSION = component;
			};
			name = Debug;
		};
		ADCBFA16B9DDB17F7E56A527 = {
			isa = XCBuildConfiguration;
			buildSettings = {
				ARCHS = "$(ARCHS_STANDARD_64_BIT)";
				CLANG_CXX_LANGUAGE_STANDARD = "c++14";
				CLANG_CXX_LIBRARY = "libc++";
				CLANG_LINK_OBJC_RUNTIME = NO;
				COMBINE_HIDPI_IMAGES = YES;
				CONFIGURATION_BUILD_DIR = "$(PROJECT_DIR)/build/$(CONFIGURATION)";
				DEAD_CODE_STRIPPING = YES;
				DEPLOYMENT_LOCATION = YES;
				DSTROOT = /;
				GCC_GENERATE_DEBUGGING_SYMBOLS = NO;
				GCC_OPTIMIZATION_LEVEL = 3;
				GCC_PREPROCESSOR_DEFINITIONS = (
					"_NDEBUG=1",
					"NDEBUG=1",
					"JUCER_XCODE_MAC_F6D2F4CF=1",
					"JUCE_APP_VERSION=1.0.0",
					"JUCE_APP_VERSION_HEX=0x10000",
					"JucePlugin_Build_VST=0",
					"JucePlugin_Build_VST3=0",
					"JucePlugin_Build_AU=1",
					"JucePlugin_Build_AUv3=0",
					"JucePlugin_Build_RTAS=0",
					"JucePlugin_Build_AAX=0",
					"JucePlugin_Build_Standalone=0",
					"JucePlugin_Build_Unity=0",
				);
				GCC_SYMBOLS_PRIVATE_EXTERN = YES;
				GCC_VERSION = com.apple.compilers.llvm.clang.1_0;
				GENERATE_PKGINFO_FILE = YES;
				HEADER_SEARCH_PATHS = (
					"../../JuceLibraryCode",
					"/Applications/JUCE/modules",
					"/Applications/JUCE/modules/juce_audio_plugin_client",
					"$(inherited)",
				);
				INFOPLIST_FILE = Info-AU.plist;
				INFOPLIST_PREPROCESS = NO;
				INSTALL_PATH = "$(HOME)/Library/Audio/Plug-Ins/Components/";
				LIBRARY_STYLE = Bundle;
				LLVM_LTO = YES;
				MACOSX_DEPLOYMENT_TARGET = 10.11;
				OTHER_LDFLAGS = "-bundle -lMoorerReverb";
				OTHER_REZFLAGS = "-d ppc_$ppc -d i386_$i386 -d ppc64_$ppc64 -d x86_64_$x86_64 -I /System/Library/Frameworks/CoreServices.framework/Frameworks/CarbonCore.framework/Versions/A/Headers -I \"$(DEVELOPER_DIR)/Extras/CoreAudio/AudioUnits/AUPublic/AUBase\"";
				PRODUCT_BUNDLE_IDENTIFIER = com.yourcompany.MoorerReverb;
				PRODUCT_NAME = "MoorerReverb";
				USE_HEADERMAP = NO;
				WRAPPER_EXTENSION = component;
			};
			name = Release;
		};
		FD01DF979165FD99D6C1CFFF = {
			isa = XCBuildConfiguration;
			buildSettings = {
				ARCHS = "$(ARCHS_STANDARD_64_BIT)";
				CLANG_CXX_LANGUAGE_STANDARD = "c++14";
				CLANG_CXX_LIBRARY = "libc++";
				CLANG_LINK_OBJC_RUNTIME = NO;
				COMBINE_HIDPI_IMAGES = YES;
				CONFIGURATION_BUILD_DIR = "$(PROJECT_DIR)/build/$(CONFIGURATION)";
				COPY_PHASE_STRIP = NO;
				GCC_DYNAMIC_NO_PIC = NO;
				GCC_OPTIMIZATION_LEVEL = 0;
				GCC_PREPROCESSOR_DEFINITIONS = (
					"_DEBUG=1",
					"DEBUG=1",
					"JUCER_XCODE_MAC_F6D2F4CF=1",
					"JUCE_APP_VERSION=1.0.0",
					"JUCE_APP_VERSION_HEX=0x10000",
					"JucePlugin_Build_VST=0",
					"JucePlugin_Build_VST3=0",
					"JucePlugin_Build_AU=1",
					"JucePlugin_Build_AUv3=0",
					"JucePlugin_Build_RTAS=0",
					"JucePlugin_Build_AAX=0",
					"JucePlugin_Build_Standalone=0",
					"JucePlugin_Build_Unity=0",
					"JUCE_SHARED_CODE=1",
				);
				GCC_VERSION = com.apple.compilers.llvm.clang.1_0;
				HEADER_SEARCH_PATHS = (
					"../../JuceLibraryCode",
					"/Applications/JUCE/modules",
					"/Applications/JUCE/modules/juce_audio_plugin_client",
					"$(inherited)",
				);
				INSTALL_PATH = "@executable_path/../Frameworks";
				MACOSX_DEPLOYMENT_TARGET = 10.11;
				PRODUCT_BUNDLE_IDENTIFIER = com.yourcompany.MoorerReverb;
				PRODUCT_NAME = "MoorerReverb";
				SKIP_INSTALL = YES;
				USE_HEADERMAP = NO;
			};
			name = Debug;
		};
		4E606DEFF717268451C72C0A = {
			isa = XCBuildConfiguration;
			buildSettings = {
				ARCHS = "$(ARCHS_STANDARD_64_BIT)";
				CLANG_CXX_LANGUAGE_STANDARD = "c++14";
				CLANG_CXX_LIBRARY = "libc++";
				CLANG_LINK_OBJC_RUNTIME = NO;
				COMBINE_HIDPI_IMAGES = YES;
				CONFIGURATION_BUILD_DIR = "$(PROJECT_DIR)/build/$(CONFIGURATION)";
				DEAD_CODE_STRIPPING = YES;
				GCC_GENERATE_DEBUGGING_SYMBOLS = NO;
				GCC_OPTIMIZATION_LEVEL = 3;
				GCC_PREPROCESSOR_DEFINITIONS = (
					"_NDEBUG=1",
					"NDEBUG=1",
					"JUCER_XCODE_MAC_F6D2F4CF=1",
					"JUCE_APP_VERSION=1.0.0",
					"JUCE_APP_VERSION_HEX=0x10000",
					"JucePlugin_Build_VST=0",
					"JucePlugin_Build_VST3=0",
					"JucePlugin_Build_AU=1",
					"JucePlugin_Build_AUv3=0",
					"JucePlugin_Build_RTAS=0",
					"JucePlugin_Build_AAX=0",
					"JucePlugin_Build_Standalone=0",
					"JucePlugin_Build_Unity=0",
					"JUCE_SHARED_CODE=1",
				);
				GCC_SYMBOLS_PRIVATE_EXTERN = YES;
				GCC_VERSION = com.apple.compilers.llvm.clang.1_0;
				HEADER_SEARCH_PATHS = (
					"../../JuceLibraryCode",
					"/Applications/JUCE/modules",
					"/Applications/JUCE/modules/juce_audio_plugin_client",
					"$(inherited)",
				);
				INSTALL_PATH = "@executable_path/../Frameworks";
				LLVM_LTO = YES;
				MACOSX_DEPLOYMENT_TARGET = 10.11;
				PRODUCT_BUNDLE_IDENTIFIER = com.yourcompany.MoorerReverb;
				PRODUCT_NAME = "MoorerReverb";
				SKIP_INSTALL = YES;
				USE_HEADERMAP = NO;
			};
			name = Release;
		};
		B2B79889A74E6135260ECC7D = {
			isa = XCBuildConfiguration;
			buildSettings = {
				ALWAYS_SEARCH_USER_PATHS = NO;
				CLANG_ENABLE_OBJC_WEAK = YES;
				CLANG_WARN_BLOCK_CAPTURE_AUTORELEASING = YES;
				CLANG_WARN_BOOL_CONVERSION = YES;
				CLANG_WARN_COMMA = YES;
				CLANG_WARN_CONSTANT_CONVERSION = YES;
				CLANG_WARN_DEPRECATED_OBJC_IMPLEMENTATIONS = YES;
				CLANG_WARN_EMPTY_BODY = YES;
				CLANG_WARN_ENUM_CONVERSION = YES;
				CLANG_WARN_INFINITE_RECURSION = YES;
				CLANG_WARN_INT_CONVERSION = YES;
				CLANG_WARN_NON_LITERAL_NULL_CONVERSION = YES;
				CLANG_WARN_OBJC_IMPLICIT_RETAIN_SELF = YES;
				CLANG_WARN_OBJC_LITERAL_CONVERSION = YES;
				CLANG_WARN_RANGE_LOOP_ANALYSIS = YES;
				CLANG_WARN_STRICT_PROTOTYPES = YES;
				CLANG_WARN_SUSPICIOUS_MOVE = YES;
				CLANG_WARN_UNREACHABLE_CODE = YES;
				CLANG_WARN__DUPLICATE_METHOD_MATCH = YES;
				DEBUG_INFORMATION_FORMAT = "dwarf";
				ENABLE_STRICT_OBJC_MSGSEND = YES;
				ENABLE_TESTABILITY = YES;
				GCC_C_LANGUAGE_STANDARD = c11;
				GCC_INLINES_ARE_PRIVATE_EXTERN = YES;
				GCC_MODEL_TUNING = G5;
				GCC_NO_COMMON_BLOCKS = YES;
				GCC_WARN_64_TO_32_BIT_CONVERSION = YES;
				GCC_WARN_ABOUT_RETURN_TYPE = YES;
				GCC_WARN_CHECK_SWITCH_STATEMENTS = YES;
				GCC_WARN_MISSING_PARENTHESES = YES;
				GCC_WARN_NON_VIRTUAL_DESTRUCTOR = YES;
				GCC_WARN_TYPECHECK_CALLS_TO_PRINTF = YES;
				GCC_WARN_UNDECLARED_SELECTOR = YES;
				GCC_WARN_UNINITIALIZED_AUTOS = YES;
				GCC_WARN_UNUSED_FUNCTION = YES;
				GCC_WARN_UNUSED_VARIABLE = YES;
				PRODUCT_NAME = "MoorerReverb";
				WARNING_CFLAGS = -Wreorder;
				ZERO_LINK = NO;
			};
			name = Debug;
		};
		4E7BB7BE34FE63B03E49F211 = {
			isa = XCBuildConfiguration;
			buildSettings = {
				ALWAYS_SEARCH_USER_PATHS = NO;
				CLANG_ENABLE_OBJC_WEAK = YES;
				CLANG_WARN_BLOCK_CAPTURE_AUTORELEASING = YES;
				CLANG_WARN_BOOL_CONVERSION = YES;
				CLANG_WARN_COMMA = YES;
				CLANG_WARN_CONSTANT_CONVERSION = YES;
				CLANG_WARN_DEPRECATED_OBJC_IMPLEMENTATIONS = YES;
				CLANG_WARN_EMPTY_BODY = YES;
				CLANG_WARN_ENUM_CONVERSION = YES;
				CLANG_WARN_INFINITE_RECURSION = YES;
				CLANG_WARN_INT_CONVERSION = YES;
				CLANG_WARN_NON_LITERAL_NULL_CONVERSION = YES;
				CLANG_WARN_OBJC_IMPLICIT_RETAIN_SELF = YES;
				CLANG_WARN_OBJC_LITERAL_CONVERSION = YES;
				CLANG_WARN_RANGE_LOOP_ANALYSIS = YES;
				CLANG_WARN_STRICT_PROTOTYPES = YES;
				CLANG_WARN_SUSPICIOUS_MOVE = YES;
				CLANG_WARN_UNREACHABLE_CODE = YES;
				CLANG_WARN__DUPLICATE_METHOD_MATCH = YES;
				DEBUG_INFORMATION_FORMAT = "dwarf";
				ENABLE_STRICT_OBJC_MSGSEND = YES;
				GCC_C_LANGUAGE_STANDARD = c11;
				GCC_INLINES_ARE_PRIVATE_EXTERN = YES;
				GCC_MODEL_TUNING = G5;
				GCC_NO_COMMON_BLOCKS = YES;
				GCC_WARN_64_TO_32_BIT_CONVERSION = YES;
				GCC_WARN_ABOUT_RETURN_TYPE = YES;
				GCC_WARN_CHECK_SWITCH_STATEMENTS = YES;
				GCC_WARN_MISSING_PARENTHESES = YES;
				GCC_WARN_NON_VIRTUAL_DESTRUCTOR = YES;
				GCC_WARN_TYPECHECK_CALLS_TO_PRINTF = YES;
				GCC_WARN_UNDECLARED_SELECTOR = YES;
				GCC_WARN_UNINITIALIZED_AUTOS = YES;
				GCC_WARN_UNUSED_FUNCTION = YES;
				GCC_WARN_UNUSED_VARIABLE = YES;
				PRODUCT_NAME = "MoorerReverb";
				WARNING_CFLAGS = -Wreorder;
				ZERO_LINK = NO;
			};
			name = Release;
		};
		2AE65F504FEFDCD2A7D71410 = {
			isa = PBXTargetDependency;
			target = D1CA356FFB52453101F35A45;
		};
		A68D930F50967C0C2041FF91 = {
			isa = PBXTargetDependency;
			target = 4A85E84474147E0C54B52586;
		};
		2A252A6319C9416410D01611 = {
			isa = XCConfigurationList;
			buildConfigurations = (
				B2B79889A74E6135260ECC7D,
				4E7BB7BE34FE63B03E49F211,
			);
			defaultConfigurationIsVisible = 0;
			defaultConfigurationName = Debug;
		};
		5DAAB99E92FD64370275D648 = {
			isa = XCConfigurationList;
			buildConfigurations = (
				788FFBC7D4597D64CB894045,
				E1DBEA0DCDBE2CF1BF9A5F44,
			);
			defaultConfigurationIsVisible = 0;
			defaultConfigurationName = Debug;
		};
		487280CEFBF614793D226FF7 = {
			isa = PBXAggregateTarget;
			buildConfigurationList = 5DAAB99E92FD64370275D648;
			buildPhases = ( );
			buildRules = ( );
			dependencies = (
				2AE65F504FEFDCD2A7D71410,
				A68D930F50967C0C2041FF91,
			);
			name = "MoorerReverb - All";
			productName = MoorerReverb;
		};
		BA3E8C97113F2B0B9BCEB1E4 = {
			isa = XCConfigurationList;
			buildConfigurations = (
				76B9AA03B567E7E4F8343BBD,
				ADCBFA16B9DDB17F7E56A527,
			);
			defaultConfigurationIsVisible = 0;
			defaultConfigurationName = Debug;
		};
		686E2F5A4EE4D59DF5A75123 = {
			isa = PBXResourcesBuildPhase;
			buildActionMask = 2147483647;
			files = (
				C7226B16B74364C2969836E3,
			);
			runOnlyForDeploymentPostprocessing = 0;
		};
		67A269A4FD7F28934CEA5D2E = {
			isa = PBXRezBuildPhase;
			buildActionMask = 2147483647;
			files = (
				872521B9CC476E15DECB95BE,
			);
			runOnlyForDeploymentPostprocessing = 0;
		};
		3B0240E0A986A79B1A2172B9 = {
			isa = PBXSourcesBuildPhase;
			buildActionMask = 2147483647;
			files = (
				7175BE872EA28A634880CDD4,
				D4AF817E96EBFE0F101CA2DE,
			);
			runOnlyForDeploymentPostprocessing = 0;
		};
		1E89B87F32CBD15150454049 = {
			isa = PBXFrameworksBuildPhase;
			buildActionMask = 2147483647;
			files = (
				289C3B3F31E0FA36D8B35E46,
				3CFE5CB6B6F294E571570CDF,
				C8AFA23FD4AE187433D60F32,
				26C8054D10537C53A09F9115,
				23F3020D98782BBC17D99625,
				936498376D50B1F13983A697,
				E77446708FEA00671265229C,
				861A976F6EA07CC9737CDE5E,
				A33E5CF079848696984B558F,
				C5BE6001C52CC24B8ECFD9C4,
				7063052F291D52CFD0938B20,
				743539FFF18EE1BB50C038F8,
				02BED4913B9CD21C30BCD640,
			);
			runOnlyForDeploymentPostprocessing = 0;
		};
		D1CA356FFB52453101F35A45 = {
			isa = PBXNativeTarget;
			buildConfigurationList = BA3E8C97113F2B0B9BCEB1E4;
			buildPhases = (
				686E2F5A4EE4D59DF5A75123,
				67A269A4FD7F28934CEA5D2E,
				3B0240E0A986A79B1A2172B9,
				1E89B87F32CBD15150454049,
			);
			buildRules = ( );
			dependencies = (
				A68D930F50967C0C2041FF91,
			);
			name = "MoorerReverb - AU";
			productName = MoorerReverb;
			productReference = 21B4795C3A203DA8FEB23DC6;
			productType = "com.apple.product-type.bundle";
		};
		F629E14CD999CFC212E496A4 = {
			isa = XCConfigurationList;
			buildConfigurations = (
				FD01DF979165FD99D6C1CFFF,
				4E606DEFF717268451C72C0A,
			);
			defaultConfigurationIsVisible = 0;
			defaultConfigurationName = Debug;
		};
		E2A966EB54AC61C226ACCA5D = {
			isa = PBXSourcesBuildPhase;
			buildActionMask = 2147483647;
			files = (
				6D89AFA45E532BB2F7C13474,
				7E22FBFD0AA6B91065B874E8,
				31F4629DDEAC5CBB76CEF491,
				509AC1C6A3D81561EA42256D,
				B047AD5B69075255A0E83D00,
				1DF75E355768553F29FBE240,
				5EC8C35EF2737FE726CE07B0,
				6DE56AA38EDC82B804939EDB,
				598932DFE270ABD5BACAA5DD,
				151ED2942E7CEF99006CFBC1,
				0DEDB2FFFBFA084954777B33,
				473C8892E3BE231577A00876,
				120A826FA1350691232CE0E9,
				70EC14002D8E407D91AF4F25,
				F829658DEE0FB22E86442D30,
				C7D488191A1F6DCBA606699B,
				B3CFB49F353F878536E781A2,
				35461CD209CC73A8ACF8627D,
				DEC98D04C7D77C8EA50089AD,
			);
			runOnlyForDeploymentPostprocessing = 0;
		};
		4A85E84474147E0C54B52586 = {
			isa = PBXNativeTarget;
			buildConfigurationList = F629E14CD999CFC212E496A4;
			buildPhases = (
				E2A966EB54AC61C226ACCA5D,
			);
			buildRules = ( );
			dependencies = ( );
			name = "MoorerReverb - Shared Code";
			productName = MoorerReverb;
			productReference = 0207197A0E674492F0C109D0;
			productType = "com.apple.product-type.library.static";
		};
		23925505D2DE213E103CB4F8 = {
			isa = PBXProject;
			buildConfigurationList = 2A252A6319C9416410D01611;
			attributes = { LastUpgradeCheck = 1010; ORGANIZATIONNAME = ""; TargetAttributes = { 487280CEFBF614793D226FF7 = { SystemCapabilities = {com.apple.ApplicationGroups.iOS = { enabled = 0; }; com.apple.InAppPurchase = { enabled = 0; }; com.apple.InterAppAudio = { enabled = 0; }; com.apple.Push = { enabled = 0; }; com.apple.Sandbox = { enabled = 0; }; com.apple.HardenedRuntime = { enabled = 0; }; }; };D1CA356FFB52453101F35A45 = { SystemCapabilities = {com.apple.ApplicationGroups.iOS = { enabled = 0; }; com.apple.InAppPurchase = { enabled = 0; }; com.apple.InterAppAudio = { enabled = 0; }; com.apple.Push = { enabled = 0; }; com.apple.Sandbox = { enabled = 0; }; com.apple.HardenedRuntime = { enabled = 0; }; }; };4A85E84474147E0C54B52586 = { SystemCapabilities = {com.apple.ApplicationGroups.iOS = { enabled = 0; }; com.apple.InAppPurchase = { enabled = 0; }; com.apple.InterAppAudio = { enabled = 0; }; com.apple.Push = { enabled = 0; }; com.apple.Sandbox = { enabled = 0; }; com.apple.HardenedRuntime = { enabled = 0; }; }; }; }; };
			compatibilityVersion = "Xcode 3.2";
			hasScannedForEncodings = 0;
			mainGroup = 1E4CABD55056B97054AF645B;
			projectDirPath = "";
			projectRoot = "";
			targets = (487280CEFBF614793D226FF7, D1CA356FFB52453101F35A45, 4A85E84474147E0C54B52586);
		};
	};
	rootObject = 23925505D2DE213E103CB4F8;
}
